// !$*UTF8*$!
{
	archiveVersion = 1;
	classes = {
	};
	objectVersion = 46;
	objects = {

/* Begin PBXAggregateTarget section */
		8F8479355FB99149FAE27105 /* Delay_Plugin - All */ = {
			isa = PBXAggregateTarget;
			buildConfigurationList = 5075984C5EE2A8F8D8EE1E5B /* Build configuration list for PBXAggregateTarget "Delay_Plugin - All" */;
			buildPhases = (
			);
			dependencies = (
				F86B83297A8AB2404784E516 /* PBXTargetDependency */,
				A494CCB71277CA9C0E7C43BD /* PBXTargetDependency */,
				4D7D2355E2F281CD971727B5 /* PBXTargetDependency */,
				B7376D21B0B1F64773C78FDD /* PBXTargetDependency */,
			);
			name = "Delay_Plugin - All";
			productName = Delay_Plugin;
		};
/* End PBXAggregateTarget section */

/* Begin PBXBuildFile section */
		001F2771D8670D156DA95093 /* PluginProcessor.cpp in Sources */ = {isa = PBXBuildFile; fileRef = E25BB0002FB396960045C2E7 /* PluginProcessor.cpp */; };
		0150A735B556D7CC0D3CE669 /* include_juce_gui_basics.mm in Sources */ = {isa = PBXBuildFile; fileRef = 51ACD39DF234DC0744E45983 /* include_juce_gui_basics.mm */; };
		0DE3B295E03870647D700767 /* include_juce_data_structures.mm in Sources */ = {isa = PBXBuildFile; fileRef = 82DBF3DADD3D9DAF0905ACFC /* include_juce_data_structures.mm */; };
		0E445997FD6421B93335E373 /* include_juce_audio_plugin_client_AU_2.mm in Sources */ = {isa = PBXBuildFile; fileRef = 410DB12BA712676716727E41 /* include_juce_audio_plugin_client_AU_2.mm */; };
		15FCAC4C074AB67FF8F80430 /* include_juce_audio_utils.mm in Sources */ = {isa = PBXBuildFile; fileRef = 018475A4D22D695B19F16473 /* include_juce_audio_utils.mm */; };
		1BA084B0F392FA56D198146F /* include_juce_audio_devices.mm in Sources */ = {isa = PBXBuildFile; fileRef = 1C321BA0C76C330333DF23C6 /* include_juce_audio_devices.mm */; };
		1F3F8BBB6EBA9E3564ABBC43 /* include_juce_events.mm in Sources */ = {isa = PBXBuildFile; fileRef = 0232D49B18FF70227F573951 /* include_juce_events.mm */; };
		2669A93D198A69B1B6A5D8B2 /* include_juce_audio_plugin_client_Standalone.cpp in Sources */ = {isa = PBXBuildFile; fileRef = 7B661622606B70B2B4F90012 /* include_juce_audio_plugin_client_Standalone.cpp */; };
		28A96802DB4D55F59D1521A3 /* WebKit.framework in Frameworks */ = {isa = PBXBuildFile; fileRef = 7608B6DB6B9BF34FB8DF8352 /* WebKit.framework */; };
		298A749CFA04C7DA97499390 /* CoreMIDI.framework in Frameworks */ = {isa = PBXBuildFile; fileRef = EFA73167C7FBFC144BA85F54 /* CoreMIDI.framework */; };
		302162C1AA0083DA07158E69 /* include_juce_audio_plugin_client_VST_utils.mm in Sources */ = {isa = PBXBuildFile; fileRef = 59B0745C54CDB8D236DAB1E9 /* include_juce_audio_plugin_client_VST_utils.mm */; };
		302580D8101AD271A1F9183D /* RecentFilesMenuTemplate.nib in Resources */ = {isa = PBXBuildFile; fileRef = 719629DE13B2E5452D811C94 /* RecentFilesMenuTemplate.nib */; };
		3D660AD6266E7CA1009A5486 /* RecentFilesMenuTemplate.nib in Resources */ = {isa = PBXBuildFile; fileRef = 719629DE13B2E5452D811C94 /* RecentFilesMenuTemplate.nib */; };
		3D660AD7266E7CA1009A5486 /* Accelerate.framework in Frameworks */ = {isa = PBXBuildFile; fileRef = A2A34B75932DBDBD55AFEA99 /* Accelerate.framework */; };
		3D660AD8266E7CA1009A5486 /* AudioToolbox.framework in Frameworks */ = {isa = PBXBuildFile; fileRef = 04F0A5ED46514A954E20CA4A /* AudioToolbox.framework */; };
		3D660AD9266E7CA1009A5486 /* Carbon.framework in Frameworks */ = {isa = PBXBuildFile; fileRef = 64ECC1838527889BC4CA1DE7 /* Carbon.framework */; };
		3D660ADA266E7CA1009A5486 /* Cocoa.framework in Frameworks */ = {isa = PBXBuildFile; fileRef = 2FD83FFC1F6FB2D1C17695BE /* Cocoa.framework */; };
		3D660ADB266E7CA1009A5486 /* CoreAudio.framework in Frameworks */ = {isa = PBXBuildFile; fileRef = 856B9FE8516E628D4EBA8ABD /* CoreAudio.framework */; };
		3D660ADC266E7CA1009A5486 /* CoreAudioKit.framework in Frameworks */ = {isa = PBXBuildFile; fileRef = 74D76E858614392DE38CBBF4 /* CoreAudioKit.framework */; };
		3D660ADD266E7CA1009A5486 /* CoreMIDI.framework in Frameworks */ = {isa = PBXBuildFile; fileRef = EFA73167C7FBFC144BA85F54 /* CoreMIDI.framework */; };
		3D660ADE266E7CA1009A5486 /* DiscRecording.framework in Frameworks */ = {isa = PBXBuildFile; fileRef = AC96347B8349B310C74B11A5 /* DiscRecording.framework */; };
		3D660ADF266E7CA1009A5486 /* Foundation.framework in Frameworks */ = {isa = PBXBuildFile; fileRef = 2EEE92D394ED26B32E4DC423 /* Foundation.framework */; };
		3D660AE0266E7CA1009A5486 /* IOKit.framework in Frameworks */ = {isa = PBXBuildFile; fileRef = 7261C7DAC5616FCCBC3B5C24 /* IOKit.framework */; };
		3D660AE1266E7CA1009A5486 /* QuartzCore.framework in Frameworks */ = {isa = PBXBuildFile; fileRef = 4F7F6E9D4CE8AF30E8040D2A /* QuartzCore.framework */; };
		3D660AE2266E7CA1009A5486 /* WebKit.framework in Frameworks */ = {isa = PBXBuildFile; fileRef = 7608B6DB6B9BF34FB8DF8352 /* WebKit.framework */; };
		3D660AE3266E7CA1009A5486 /* RecentFilesMenuTemplate.nib in Resources */ = {isa = PBXBuildFile; fileRef = 719629DE13B2E5452D811C94 /* RecentFilesMenuTemplate.nib */; };
		3D660AE4266E7CA1009A5486 /* Accelerate.framework in Frameworks */ = {isa = PBXBuildFile; fileRef = A2A34B75932DBDBD55AFEA99 /* Accelerate.framework */; };
		3D660AE5266E7CA1009A5486 /* AudioToolbox.framework in Frameworks */ = {isa = PBXBuildFile; fileRef = 04F0A5ED46514A954E20CA4A /* AudioToolbox.framework */; };
		3D660AE6266E7CA1009A5486 /* Carbon.framework in Frameworks */ = {isa = PBXBuildFile; fileRef = 64ECC1838527889BC4CA1DE7 /* Carbon.framework */; };
		3D660AE7266E7CA1009A5486 /* Cocoa.framework in Frameworks */ = {isa = PBXBuildFile; fileRef = 2FD83FFC1F6FB2D1C17695BE /* Cocoa.framework */; };
		3D660AE8266E7CA1009A5486 /* CoreAudio.framework in Frameworks */ = {isa = PBXBuildFile; fileRef = 856B9FE8516E628D4EBA8ABD /* CoreAudio.framework */; };
		3D660AE9266E7CA1009A5486 /* CoreAudioKit.framework in Frameworks */ = {isa = PBXBuildFile; fileRef = 74D76E858614392DE38CBBF4 /* CoreAudioKit.framework */; };
		3D660AEA266E7CA1009A5486 /* CoreMIDI.framework in Frameworks */ = {isa = PBXBuildFile; fileRef = EFA73167C7FBFC144BA85F54 /* CoreMIDI.framework */; };
		3D660AEB266E7CA1009A5486 /* DiscRecording.framework in Frameworks */ = {isa = PBXBuildFile; fileRef = AC96347B8349B310C74B11A5 /* DiscRecording.framework */; };
		3D660AEC266E7CA1009A5486 /* Foundation.framework in Frameworks */ = {isa = PBXBuildFile; fileRef = 2EEE92D394ED26B32E4DC423 /* Foundation.framework */; };
		3D660AED266E7CA1009A5486 /* IOKit.framework in Frameworks */ = {isa = PBXBuildFile; fileRef = 7261C7DAC5616FCCBC3B5C24 /* IOKit.framework */; };
		3D660AEE266E7CA1009A5486 /* QuartzCore.framework in Frameworks */ = {isa = PBXBuildFile; fileRef = 4F7F6E9D4CE8AF30E8040D2A /* QuartzCore.framework */; };
		3D660AEF266E7CA1009A5486 /* WebKit.framework in Frameworks */ = {isa = PBXBuildFile; fileRef = 7608B6DB6B9BF34FB8DF8352 /* WebKit.framework */; };
		428577657D30C138A82738E1 /* include_juce_audio_basics.mm in Sources */ = {isa = PBXBuildFile; fileRef = 11C72A4045B7CED280BF298A /* include_juce_audio_basics.mm */; };
		43A53F3047308B54C4FF6747 /* Cocoa.framework in Frameworks */ = {isa = PBXBuildFile; fileRef = 2FD83FFC1F6FB2D1C17695BE /* Cocoa.framework */; };
		4D0CFC64E64E2F37F0E73590 /* include_juce_audio_plugin_client_VST3.cpp in Sources */ = {isa = PBXBuildFile; fileRef = 17041B76708834C573DD83A6 /* include_juce_audio_plugin_client_VST3.cpp */; };
		5907864DD25D97D310F90DFA /* include_juce_audio_plugin_client_utils.cpp in Sources */ = {isa = PBXBuildFile; fileRef = 3C4926F1100D5B71C5E03689 /* include_juce_audio_plugin_client_utils.cpp */; };
		5C04937E37D227378D608BF1 /* IOKit.framework in Frameworks */ = {isa = PBXBuildFile; fileRef = 7261C7DAC5616FCCBC3B5C24 /* IOKit.framework */; };
		5C52DB8664593846DA0890EF /* include_juce_dsp.mm in Sources */ = {isa = PBXBuildFile; fileRef = A4767F3B5DF9A69A00EFCC51 /* include_juce_dsp.mm */; };
		65F758AA7280303F473BCCF6 /* include_juce_audio_plugin_client_AU.r in Rez */ = {isa = PBXBuildFile; fileRef = B56FF64B71FAC2189BE94E6F /* include_juce_audio_plugin_client_AU.r */; };
		66D1D01E8D120C2B70755AA2 /* CoreAudio.framework in Frameworks */ = {isa = PBXBuildFile; fileRef = 856B9FE8516E628D4EBA8ABD /* CoreAudio.framework */; };
		67A68DBFF459BAD5B2BB2ABF /* QuartzCore.framework in Frameworks */ = {isa = PBXBuildFile; fileRef = 4F7F6E9D4CE8AF30E8040D2A /* QuartzCore.framework */; };
		75A518DE38157A76E33090A2 /* include_juce_audio_formats.mm in Sources */ = {isa = PBXBuildFile; fileRef = 6BA4EAF4B873DA74C3307658 /* include_juce_audio_formats.mm */; };
		90966F5188E48579BF233620 /* include_juce_audio_plugin_client_AU_1.mm in Sources */ = {isa = PBXBuildFile; fileRef = CC963054014B7CD3A0FD7E85 /* include_juce_audio_plugin_client_AU_1.mm */; };
		9A69BE3BC62286101C8AA41A /* include_juce_graphics.mm in Sources */ = {isa = PBXBuildFile; fileRef = B13BBED046AD27D937BB843A /* include_juce_graphics.mm */; };
		9ACF598BA17A011AAFE95123 /* Accelerate.framework in Frameworks */ = {isa = PBXBuildFile; fileRef = A2A34B75932DBDBD55AFEA99 /* Accelerate.framework */; };
		A803A4370D734D51A13DB465 /* PluginEditor.cpp in Sources */ = {isa = PBXBuildFile; fileRef = 82844E49C96FB4F31411F719 /* PluginEditor.cpp */; };
		AD54D16E00ABA39A69216D48 /* CoreAudioKit.framework in Frameworks */ = {isa = PBXBuildFile; fileRef = 74D76E858614392DE38CBBF4 /* CoreAudioKit.framework */; };
		B165FEB963814121D9A877C8 /* include_juce_audio_processors.mm in Sources */ = {isa = PBXBuildFile; fileRef = FC1E414D407791CA4D0688D6 /* include_juce_audio_processors.mm */; };
		B76D6879A7AC0AA87749708A /* include_juce_core.mm in Sources */ = {isa = PBXBuildFile; fileRef = BC18F660896813798A669F4A /* include_juce_core.mm */; };
		C4ED60544A22D796C48A3952 /* Carbon.framework in Frameworks */ = {isa = PBXBuildFile; fileRef = 64ECC1838527889BC4CA1DE7 /* Carbon.framework */; };
		CE785CBA66015F1EBB0E6BAA /* AudioUnit.framework in Frameworks */ = {isa = PBXBuildFile; fileRef = 4A9C8EB25CF2871D68E2ADF7 /* AudioUnit.framework */; };
		E5DEB01AEFAFFE46EE30B0B8 /* DiscRecording.framework in Frameworks */ = {isa = PBXBuildFile; fileRef = AC96347B8349B310C74B11A5 /* DiscRecording.framework */; };
		E92B1A7CC3934699B052B9F6 /* Foundation.framework in Frameworks */ = {isa = PBXBuildFile; fileRef = 2EEE92D394ED26B32E4DC423 /* Foundation.framework */; };
		EC1F28F62E5708E96EB51DCE /* include_juce_gui_extra.mm in Sources */ = {isa = PBXBuildFile; fileRef = 987106628497D19300517E17 /* include_juce_gui_extra.mm */; };
		F59160271B8543E8686C3D0A /* AudioToolbox.framework in Frameworks */ = {isa = PBXBuildFile; fileRef = 04F0A5ED46514A954E20CA4A /* AudioToolbox.framework */; };
/* End PBXBuildFile section */

/* Begin PBXContainerItemProxy section */
		3D660AF0266E7CA3009A5486 /* PBXContainerItemProxy */ = {
			isa = PBXContainerItemProxy;
			containerPortal = 422E67C4F1FDC77BDC2729BC /* Project object */;
			proxyType = 1;
			remoteGlobalIDString = 93F1736AAD1355F95C4E9043;
			remoteInfo = "Delay_Plugin - Shared Code";
		};
		3D660AF1266E7CA3009A5486 /* PBXContainerItemProxy */ = {
			isa = PBXContainerItemProxy;
			containerPortal = 422E67C4F1FDC77BDC2729BC /* Project object */;
			proxyType = 1;
			remoteGlobalIDString = 93F1736AAD1355F95C4E9043;
			remoteInfo = "Delay_Plugin - Shared Code";
		};
		3D660AF2266E7CA3009A5486 /* PBXContainerItemProxy */ = {
			isa = PBXContainerItemProxy;
			containerPortal = 422E67C4F1FDC77BDC2729BC /* Project object */;
			proxyType = 1;
			remoteGlobalIDString = 93F1736AAD1355F95C4E9043;
			remoteInfo = "Delay_Plugin - Shared Code";
		};
		3D660AF3266E7CA3009A5486 /* PBXContainerItemProxy */ = {
			isa = PBXContainerItemProxy;
			containerPortal = 422E67C4F1FDC77BDC2729BC /* Project object */;
			proxyType = 1;
			remoteGlobalIDString = 8D19425083BBB12EFDCD4749;
			remoteInfo = "Delay_Plugin - VST3";
		};
		3D660AF4266E7CA3009A5486 /* PBXContainerItemProxy */ = {
			isa = PBXContainerItemProxy;
			containerPortal = 422E67C4F1FDC77BDC2729BC /* Project object */;
			proxyType = 1;
			remoteGlobalIDString = 61918915ECE3680281D504D8;
			remoteInfo = "Delay_Plugin - AU";
		};
		3D660AF5266E7CA3009A5486 /* PBXContainerItemProxy */ = {
			isa = PBXContainerItemProxy;
			containerPortal = 422E67C4F1FDC77BDC2729BC /* Project object */;
			proxyType = 1;
			remoteGlobalIDString = 856788384D3F3F8D94E63C23;
			remoteInfo = "Delay_Plugin - Standalone Plugin";
		};
		3D660AF6266E7CA3009A5486 /* PBXContainerItemProxy */ = {
			isa = PBXContainerItemProxy;
			containerPortal = 422E67C4F1FDC77BDC2729BC /* Project object */;
			proxyType = 1;
			remoteGlobalIDString = 93F1736AAD1355F95C4E9043;
			remoteInfo = "Delay_Plugin - Shared Code";
		};
/* End PBXContainerItemProxy section */

/* Begin PBXFileReference section */
		018475A4D22D695B19F16473 /* include_juce_audio_utils.mm */ = {isa = PBXFileReference; lastKnownFileType = sourcecode.cpp.objcpp; name = include_juce_audio_utils.mm; path = ../../JuceLibraryCode/include_juce_audio_utils.mm; sourceTree = SOURCE_ROOT; };
		0232D49B18FF70227F573951 /* include_juce_events.mm */ = {isa = PBXFileReference; lastKnownFileType = sourcecode.cpp.objcpp; name = include_juce_events.mm; path = ../../JuceLibraryCode/include_juce_events.mm; sourceTree = SOURCE_ROOT; };
		04DD786225EAF0BC094AC2B3 /* JuceHeader.h */ = {isa = PBXFileReference; lastKnownFileType = sourcecode.c.h; name = JuceHeader.h; path = ../../JuceLibraryCode/JuceHeader.h; sourceTree = SOURCE_ROOT; };
		04F0A5ED46514A954E20CA4A /* AudioToolbox.framework */ = {isa = PBXFileReference; lastKnownFileType = wrapper.framework; name = AudioToolbox.framework; path = System/Library/Frameworks/AudioToolbox.framework; sourceTree = SDKROOT; };
		07A297628C13C8CA2A19DA51 /* juce_audio_basics */ = {isa = PBXFileReference; lastKnownFileType = folder; name = juce_audio_basics; path = "~/JUCE/modules/juce_audio_basics"; sourceTree = "<absolute>"; };
		11C72A4045B7CED280BF298A /* include_juce_audio_basics.mm */ = {isa = PBXFileReference; lastKnownFileType = sourcecode.cpp.objcpp; name = include_juce_audio_basics.mm; path = ../../JuceLibraryCode/include_juce_audio_basics.mm; sourceTree = SOURCE_ROOT; };
		17041B76708834C573DD83A6 /* include_juce_audio_plugin_client_VST3.cpp */ = {isa = PBXFileReference; lastKnownFileType = sourcecode.cpp.cpp; name = include_juce_audio_plugin_client_VST3.cpp; path = ../../JuceLibraryCode/include_juce_audio_plugin_client_VST3.cpp; sourceTree = SOURCE_ROOT; };
		1C321BA0C76C330333DF23C6 /* include_juce_audio_devices.mm */ = {isa = PBXFileReference; lastKnownFileType = sourcecode.cpp.objcpp; name = include_juce_audio_devices.mm; path = ../../JuceLibraryCode/include_juce_audio_devices.mm; sourceTree = SOURCE_ROOT; };
		284EC0CD0C8D57A7806B36D4 /* libDelay_Plugin.a */ = {isa = PBXFileReference; explicitFileType = archive.ar; includeInIndex = 0; path = libDelay_Plugin.a; sourceTree = BUILT_PRODUCTS_DIR; };
		293060320AB881518031359D /* PluginEditor.h */ = {isa = PBXFileReference; lastKnownFileType = sourcecode.c.h; name = PluginEditor.h; path = ../../Source/PluginEditor.h; sourceTree = SOURCE_ROOT; };
		2EEE92D394ED26B32E4DC423 /* Foundation.framework */ = {isa = PBXFileReference; lastKnownFileType = wrapper.framework; name = Foundation.framework; path = System/Library/Frameworks/Foundation.framework; sourceTree = SDKROOT; };
		2FD83FFC1F6FB2D1C17695BE /* Cocoa.framework */ = {isa = PBXFileReference; lastKnownFileType = wrapper.framework; name = Cocoa.framework; path = System/Library/Frameworks/Cocoa.framework; sourceTree = SDKROOT; };
		381814034159DE871983884A /* Delay_Plugin.app */ = {isa = PBXFileReference; explicitFileType = wrapper.application; includeInIndex = 0; path = Delay_Plugin.app; sourceTree = BUILT_PRODUCTS_DIR; };
		38CCBD857CDDE61771B6D214 /* Info-AU.plist */ = {isa = PBXFileReference; lastKnownFileType = text.plist.xml; path = "Info-AU.plist"; sourceTree = SOURCE_ROOT; };
		3C4926F1100D5B71C5E03689 /* include_juce_audio_plugin_client_utils.cpp */ = {isa = PBXFileReference; lastKnownFileType = sourcecode.cpp.cpp; name = include_juce_audio_plugin_client_utils.cpp; path = ../../JuceLibraryCode/include_juce_audio_plugin_client_utils.cpp; sourceTree = SOURCE_ROOT; };
		410DB12BA712676716727E41 /* include_juce_audio_plugin_client_AU_2.mm */ = {isa = PBXFileReference; lastKnownFileType = sourcecode.cpp.objcpp; name = include_juce_audio_plugin_client_AU_2.mm; path = ../../JuceLibraryCode/include_juce_audio_plugin_client_AU_2.mm; sourceTree = SOURCE_ROOT; };
		49DB2BEF499DD36ECC8B0C31 /* JucePluginDefines.h */ = {isa = PBXFileReference; lastKnownFileType = sourcecode.c.h; name = JucePluginDefines.h; path = ../../JuceLibraryCode/JucePluginDefines.h; sourceTree = SOURCE_ROOT; };
		4A9C8EB25CF2871D68E2ADF7 /* AudioUnit.framework */ = {isa = PBXFileReference; lastKnownFileType = wrapper.framework; name = AudioUnit.framework; path = System/Library/Frameworks/AudioUnit.framework; sourceTree = SDKROOT; };
		4C4A024EE3457040614E1153 /* juce_core */ = {isa = PBXFileReference; lastKnownFileType = folder; name = juce_core; path = "~/JUCE/modules/juce_core"; sourceTree = "<absolute>"; };
		4F7F6E9D4CE8AF30E8040D2A /* QuartzCore.framework */ = {isa = PBXFileReference; lastKnownFileType = wrapper.framework; name = QuartzCore.framework; path = System/Library/Frameworks/QuartzCore.framework; sourceTree = SDKROOT; };
		507CFDDB7D6E136912E0FC05 /* Info-VST3.plist */ = {isa = PBXFileReference; lastKnownFileType = text.plist.xml; path = "Info-VST3.plist"; sourceTree = SOURCE_ROOT; };
		51ACD39DF234DC0744E45983 /* include_juce_gui_basics.mm */ = {isa = PBXFileReference; lastKnownFileType = sourcecode.cpp.objcpp; name = include_juce_gui_basics.mm; path = ../../JuceLibraryCode/include_juce_gui_basics.mm; sourceTree = SOURCE_ROOT; };
		555A279468329394B9341FED /* juce_audio_devices */ = {isa = PBXFileReference; lastKnownFileType = folder; name = juce_audio_devices; path = "~/JUCE/modules/juce_audio_devices"; sourceTree = "<absolute>"; };
		59B0745C54CDB8D236DAB1E9 /* include_juce_audio_plugin_client_VST_utils.mm */ = {isa = PBXFileReference; lastKnownFileType = sourcecode.cpp.objcpp; name = include_juce_audio_plugin_client_VST_utils.mm; path = ../../JuceLibraryCode/include_juce_audio_plugin_client_VST_utils.mm; sourceTree = SOURCE_ROOT; };
		5A37B81E05A3A5F678C0D303 /* juce_events */ = {isa = PBXFileReference; lastKnownFileType = folder; name = juce_events; path = "~/JUCE/modules/juce_events"; sourceTree = "<absolute>"; };
		6068B4EA1853D3C09EF8F060 /* juce_audio_plugin_client */ = {isa = PBXFileReference; lastKnownFileType = folder; name = juce_audio_plugin_client; path = "~/JUCE/modules/juce_audio_plugin_client"; sourceTree = "<absolute>"; };
		64ECC1838527889BC4CA1DE7 /* Carbon.framework */ = {isa = PBXFileReference; lastKnownFileType = wrapper.framework; name = Carbon.framework; path = System/Library/Frameworks/Carbon.framework; sourceTree = SDKROOT; };
		6BA4EAF4B873DA74C3307658 /* include_juce_audio_formats.mm */ = {isa = PBXFileReference; lastKnownFileType = sourcecode.cpp.objcpp; name = include_juce_audio_formats.mm; path = ../../JuceLibraryCode/include_juce_audio_formats.mm; sourceTree = SOURCE_ROOT; };
		719629DE13B2E5452D811C94 /* RecentFilesMenuTemplate.nib */ = {isa = PBXFileReference; lastKnownFileType = file.nib; path = RecentFilesMenuTemplate.nib; sourceTree = SOURCE_ROOT; };
		7261C7DAC5616FCCBC3B5C24 /* IOKit.framework */ = {isa = PBXFileReference; lastKnownFileType = wrapper.framework; name = IOKit.framework; path = System/Library/Frameworks/IOKit.framework; sourceTree = SDKROOT; };
		74D76E858614392DE38CBBF4 /* CoreAudioKit.framework */ = {isa = PBXFileReference; lastKnownFileType = wrapper.framework; name = CoreAudioKit.framework; path = System/Library/Frameworks/CoreAudioKit.framework; sourceTree = SDKROOT; };
		7608B6DB6B9BF34FB8DF8352 /* WebKit.framework */ = {isa = PBXFileReference; lastKnownFileType = wrapper.framework; name = WebKit.framework; path = System/Library/Frameworks/WebKit.framework; sourceTree = SDKROOT; };
		76D4ABE67BD4000AC847640B /* juce_graphics */ = {isa = PBXFileReference; lastKnownFileType = folder; name = juce_graphics; path = "~/JUCE/modules/juce_graphics"; sourceTree = "<absolute>"; };
		7B661622606B70B2B4F90012 /* include_juce_audio_plugin_client_Standalone.cpp */ = {isa = PBXFileReference; lastKnownFileType = sourcecode.cpp.cpp; name = include_juce_audio_plugin_client_Standalone.cpp; path = ../../JuceLibraryCode/include_juce_audio_plugin_client_Standalone.cpp; sourceTree = SOURCE_ROOT; };
		82844E49C96FB4F31411F719 /* PluginEditor.cpp */ = {isa = PBXFileReference; lastKnownFileType = sourcecode.cpp.cpp; name = PluginEditor.cpp; path = ../../Source/PluginEditor.cpp; sourceTree = SOURCE_ROOT; };
		82DBF3DADD3D9DAF0905ACFC /* include_juce_data_structures.mm */ = {isa = PBXFileReference; lastKnownFileType = sourcecode.cpp.objcpp; name = include_juce_data_structures.mm; path = ../../JuceLibraryCode/include_juce_data_structures.mm; sourceTree = SOURCE_ROOT; };
		8556E6C91E40D24DB4F2981F /* juce_dsp */ = {isa = PBXFileReference; lastKnownFileType = folder; name = juce_dsp; path = "~/JUCE/modules/juce_dsp"; sourceTree = "<absolute>"; };
		856B9FE8516E628D4EBA8ABD /* CoreAudio.framework */ = {isa = PBXFileReference; lastKnownFileType = wrapper.framework; name = CoreAudio.framework; path = System/Library/Frameworks/CoreAudio.framework; sourceTree = SDKROOT; };
		9063089B5541B6C5DBD45355 /* juce_audio_utils */ = {isa = PBXFileReference; lastKnownFileType = folder; name = juce_audio_utils; path = "~/JUCE/modules/juce_audio_utils"; sourceTree = "<absolute>"; };
		954D6771FAD42B21060F2496 /* PluginProcessor.h */ = {isa = PBXFileReference; lastKnownFileType = sourcecode.c.h; name = PluginProcessor.h; path = ../../Source/PluginProcessor.h; sourceTree = SOURCE_ROOT; };
		987106628497D19300517E17 /* include_juce_gui_extra.mm */ = {isa = PBXFileReference; lastKnownFileType = sourcecode.cpp.objcpp; name = include_juce_gui_extra.mm; path = ../../JuceLibraryCode/include_juce_gui_extra.mm; sourceTree = SOURCE_ROOT; };
		A2A34B75932DBDBD55AFEA99 /* Accelerate.framework */ = {isa = PBXFileReference; lastKnownFileType = wrapper.framework; name = Accelerate.framework; path = System/Library/Frameworks/Accelerate.framework; sourceTree = SDKROOT; };
		A42D07029BC6949FAB38FB87 /* juce_audio_formats */ = {isa = PBXFileReference; lastKnownFileType = folder; name = juce_audio_formats; path = "~/JUCE/modules/juce_audio_formats"; sourceTree = "<absolute>"; };
		A4767F3B5DF9A69A00EFCC51 /* include_juce_dsp.mm */ = {isa = PBXFileReference; lastKnownFileType = sourcecode.cpp.objcpp; name = include_juce_dsp.mm; path = ../../JuceLibraryCode/include_juce_dsp.mm; sourceTree = SOURCE_ROOT; };
		A895BE0FCFB6C6FC217378AD /* juce_gui_extra */ = {isa = PBXFileReference; lastKnownFileType = folder; name = juce_gui_extra; path = "~/JUCE/modules/juce_gui_extra"; sourceTree = "<absolute>"; };
		AC96347B8349B310C74B11A5 /* DiscRecording.framework */ = {isa = PBXFileReference; lastKnownFileType = wrapper.framework; name = DiscRecording.framework; path = System/Library/Frameworks/DiscRecording.framework; sourceTree = SDKROOT; };
		B13BBED046AD27D937BB843A /* include_juce_graphics.mm */ = {isa = PBXFileReference; lastKnownFileType = sourcecode.cpp.objcpp; name = include_juce_graphics.mm; path = ../../JuceLibraryCode/include_juce_graphics.mm; sourceTree = SOURCE_ROOT; };
		B56FF64B71FAC2189BE94E6F /* include_juce_audio_plugin_client_AU.r */ = {isa = PBXFileReference; lastKnownFileType = file.r; name = include_juce_audio_plugin_client_AU.r; path = ../../JuceLibraryCode/include_juce_audio_plugin_client_AU.r; sourceTree = SOURCE_ROOT; };
		BA0845AF6FF33DE0DD2C1D54 /* Delay_Plugin.component */ = {isa = PBXFileReference; explicitFileType = wrapper.cfbundle; includeInIndex = 0; path = Delay_Plugin.component; sourceTree = BUILT_PRODUCTS_DIR; };
		BC18F660896813798A669F4A /* include_juce_core.mm */ = {isa = PBXFileReference; lastKnownFileType = sourcecode.cpp.objcpp; name = include_juce_core.mm; path = ../../JuceLibraryCode/include_juce_core.mm; sourceTree = SOURCE_ROOT; };
		CC963054014B7CD3A0FD7E85 /* include_juce_audio_plugin_client_AU_1.mm */ = {isa = PBXFileReference; lastKnownFileType = sourcecode.cpp.objcpp; name = include_juce_audio_plugin_client_AU_1.mm; path = ../../JuceLibraryCode/include_juce_audio_plugin_client_AU_1.mm; sourceTree = SOURCE_ROOT; };
		D957D5A992A224B677C519F0 /* Delay_Plugin.vst3 */ = {isa = PBXFileReference; explicitFileType = wrapper.cfbundle; includeInIndex = 0; path = Delay_Plugin.vst3; sourceTree = BUILT_PRODUCTS_DIR; };
		DDBA3717B1889DDB3396E8E2 /* juce_data_structures */ = {isa = PBXFileReference; lastKnownFileType = folder; name = juce_data_structures; path = "~/JUCE/modules/juce_data_structures"; sourceTree = "<absolute>"; };
		E25BB0002FB396960045C2E7 /* PluginProcessor.cpp */ = {isa = PBXFileReference; lastKnownFileType = sourcecode.cpp.cpp; name = PluginProcessor.cpp; path = ../../Source/PluginProcessor.cpp; sourceTree = SOURCE_ROOT; };
		E3E23FBA516DB88BA48AE43F /* juce_gui_basics */ = {isa = PBXFileReference; lastKnownFileType = folder; name = juce_gui_basics; path = "~/JUCE/modules/juce_gui_basics"; sourceTree = "<absolute>"; };
		ED51EA9A7090B9794A513DA2 /* juce_audio_processors */ = {isa = PBXFileReference; lastKnownFileType = folder; name = juce_audio_processors; path = "~/JUCE/modules/juce_audio_processors"; sourceTree = "<absolute>"; };
		EFA73167C7FBFC144BA85F54 /* CoreMIDI.framework */ = {isa = PBXFileReference; lastKnownFileType = wrapper.framework; name = CoreMIDI.framework; path = System/Library/Frameworks/CoreMIDI.framework; sourceTree = SDKROOT; };
		FC1E414D407791CA4D0688D6 /* include_juce_audio_processors.mm */ = {isa = PBXFileReference; lastKnownFileType = sourcecode.cpp.objcpp; name = include_juce_audio_processors.mm; path = ../../JuceLibraryCode/include_juce_audio_processors.mm; sourceTree = SOURCE_ROOT; };
		FE8EC6E2A62EA1E14DEA2E89 /* Info-Standalone_Plugin.plist */ = {isa = PBXFileReference; lastKnownFileType = text.plist.xml; path = "Info-Standalone_Plugin.plist"; sourceTree = SOURCE_ROOT; };
/* End PBXFileReference section */

/* Begin PBXFrameworksBuildPhase section */
		073AC4E2B1E4038E67C7FA9E /* Frameworks */ = {
			isa = PBXFrameworksBuildPhase;
			buildActionMask = 2147483647;
			files = (
				CE785CBA66015F1EBB0E6BAA /* AudioUnit.framework in Frameworks */,
				3D660AD7266E7CA1009A5486 /* Accelerate.framework in Frameworks */,
				3D660AD8266E7CA1009A5486 /* AudioToolbox.framework in Frameworks */,
				3D660AD9266E7CA1009A5486 /* Carbon.framework in Frameworks */,
				3D660ADA266E7CA1009A5486 /* Cocoa.framework in Frameworks */,
				3D660ADB266E7CA1009A5486 /* CoreAudio.framework in Frameworks */,
				3D660ADC266E7CA1009A5486 /* CoreAudioKit.framework in Frameworks */,
				3D660ADD266E7CA1009A5486 /* CoreMIDI.framework in Frameworks */,
				3D660ADE266E7CA1009A5486 /* DiscRecording.framework in Frameworks */,
				3D660ADF266E7CA1009A5486 /* Foundation.framework in Frameworks */,
				3D660AE0266E7CA1009A5486 /* IOKit.framework in Frameworks */,
				3D660AE1266E7CA1009A5486 /* QuartzCore.framework in Frameworks */,
				3D660AE2266E7CA1009A5486 /* WebKit.framework in Frameworks */,
			);
			runOnlyForDeploymentPostprocessing = 0;
		};
		8B29DAA3CB969E47E6A772B2 /* Frameworks */ = {
			isa = PBXFrameworksBuildPhase;
			buildActionMask = 2147483647;
			files = (
				3D660AE4266E7CA1009A5486 /* Accelerate.framework in Frameworks */,
				3D660AE5266E7CA1009A5486 /* AudioToolbox.framework in Frameworks */,
				3D660AE6266E7CA1009A5486 /* Carbon.framework in Frameworks */,
				3D660AE7266E7CA1009A5486 /* Cocoa.framework in Frameworks */,
				3D660AE8266E7CA1009A5486 /* CoreAudio.framework in Frameworks */,
				3D660AE9266E7CA1009A5486 /* CoreAudioKit.framework in Frameworks */,
				3D660AEA266E7CA1009A5486 /* CoreMIDI.framework in Frameworks */,
				3D660AEB266E7CA1009A5486 /* DiscRecording.framework in Frameworks */,
				3D660AEC266E7CA1009A5486 /* Foundation.framework in Frameworks */,
				3D660AED266E7CA1009A5486 /* IOKit.framework in Frameworks */,
				3D660AEE266E7CA1009A5486 /* QuartzCore.framework in Frameworks */,
				3D660AEF266E7CA1009A5486 /* WebKit.framework in Frameworks */,
			);
			runOnlyForDeploymentPostprocessing = 0;
		};
		FCD95B064DF7ED8474619E41 /* Frameworks */ = {
			isa = PBXFrameworksBuildPhase;
			buildActionMask = 2147483647;
			files = (
				9ACF598BA17A011AAFE95123 /* Accelerate.framework in Frameworks */,
				F59160271B8543E8686C3D0A /* AudioToolbox.framework in Frameworks */,
				C4ED60544A22D796C48A3952 /* Carbon.framework in Frameworks */,
				43A53F3047308B54C4FF6747 /* Cocoa.framework in Frameworks */,
				66D1D01E8D120C2B70755AA2 /* CoreAudio.framework in Frameworks */,
				AD54D16E00ABA39A69216D48 /* CoreAudioKit.framework in Frameworks */,
				298A749CFA04C7DA97499390 /* CoreMIDI.framework in Frameworks */,
				E5DEB01AEFAFFE46EE30B0B8 /* DiscRecording.framework in Frameworks */,
				E92B1A7CC3934699B052B9F6 /* Foundation.framework in Frameworks */,
				5C04937E37D227378D608BF1 /* IOKit.framework in Frameworks */,
				67A68DBFF459BAD5B2BB2ABF /* QuartzCore.framework in Frameworks */,
				28A96802DB4D55F59D1521A3 /* WebKit.framework in Frameworks */,
			);
			runOnlyForDeploymentPostprocessing = 0;
		};
/* End PBXFrameworksBuildPhase section */

/* Begin PBXGroup section */
		272E7E892D7732C8574826E7 /* Resources */ = {
			isa = PBXGroup;
			children = (
				507CFDDB7D6E136912E0FC05 /* Info-VST3.plist */,
				38CCBD857CDDE61771B6D214 /* Info-AU.plist */,
				FE8EC6E2A62EA1E14DEA2E89 /* Info-Standalone_Plugin.plist */,
				719629DE13B2E5452D811C94 /* RecentFilesMenuTemplate.nib */,
			);
			name = Resources;
			sourceTree = "<group>";
		};
		3346EA8D340C63A94435895F /* JUCE Library Code */ = {
			isa = PBXGroup;
			children = (
				11C72A4045B7CED280BF298A /* include_juce_audio_basics.mm */,
				1C321BA0C76C330333DF23C6 /* include_juce_audio_devices.mm */,
				6BA4EAF4B873DA74C3307658 /* include_juce_audio_formats.mm */,
				B56FF64B71FAC2189BE94E6F /* include_juce_audio_plugin_client_AU.r */,
				CC963054014B7CD3A0FD7E85 /* include_juce_audio_plugin_client_AU_1.mm */,
				410DB12BA712676716727E41 /* include_juce_audio_plugin_client_AU_2.mm */,
				7B661622606B70B2B4F90012 /* include_juce_audio_plugin_client_Standalone.cpp */,
				3C4926F1100D5B71C5E03689 /* include_juce_audio_plugin_client_utils.cpp */,
				59B0745C54CDB8D236DAB1E9 /* include_juce_audio_plugin_client_VST_utils.mm */,
				17041B76708834C573DD83A6 /* include_juce_audio_plugin_client_VST3.cpp */,
				FC1E414D407791CA4D0688D6 /* include_juce_audio_processors.mm */,
				018475A4D22D695B19F16473 /* include_juce_audio_utils.mm */,
				BC18F660896813798A669F4A /* include_juce_core.mm */,
				82DBF3DADD3D9DAF0905ACFC /* include_juce_data_structures.mm */,
				A4767F3B5DF9A69A00EFCC51 /* include_juce_dsp.mm */,
				0232D49B18FF70227F573951 /* include_juce_events.mm */,
				B13BBED046AD27D937BB843A /* include_juce_graphics.mm */,
				51ACD39DF234DC0744E45983 /* include_juce_gui_basics.mm */,
				987106628497D19300517E17 /* include_juce_gui_extra.mm */,
				04DD786225EAF0BC094AC2B3 /* JuceHeader.h */,
				49DB2BEF499DD36ECC8B0C31 /* JucePluginDefines.h */,
			);
			name = "JUCE Library Code";
			sourceTree = "<group>";
		};
		647772EF67089390AF383387 /* Source */ = {
			isa = PBXGroup;
			children = (
				E25BB0002FB396960045C2E7 /* PluginProcessor.cpp */,
				954D6771FAD42B21060F2496 /* PluginProcessor.h */,
				82844E49C96FB4F31411F719 /* PluginEditor.cpp */,
				293060320AB881518031359D /* PluginEditor.h */,
			);
			name = Source;
			sourceTree = "<group>";
		};
		83557FCDF6958502CE625FA8 /* Delay_Plugin */ = {
			isa = PBXGroup;
			children = (
				647772EF67089390AF383387 /* Source */,
			);
			name = Delay_Plugin;
			sourceTree = "<group>";
		};
		A10D8597E788424152891B76 /* Source */ = {
			isa = PBXGroup;
			children = (
				83557FCDF6958502CE625FA8 /* Delay_Plugin */,
				E6A4E931658B095CADDFFD38 /* JUCE Modules */,
				3346EA8D340C63A94435895F /* JUCE Library Code */,
				272E7E892D7732C8574826E7 /* Resources */,
				E7F54FBFC026797DDD1B66DC /* Frameworks */,
				D9335736FA16D6C175DD8F3F /* Products */,
			);
			name = Source;
			sourceTree = "<group>";
		};
		D9335736FA16D6C175DD8F3F /* Products */ = {
			isa = PBXGroup;
			children = (
				D957D5A992A224B677C519F0 /* Delay_Plugin.vst3 */,
				BA0845AF6FF33DE0DD2C1D54 /* Delay_Plugin.component */,
				381814034159DE871983884A /* Delay_Plugin.app */,
				284EC0CD0C8D57A7806B36D4 /* libDelay_Plugin.a */,
			);
			name = Products;
			sourceTree = "<group>";
		};
		E6A4E931658B095CADDFFD38 /* JUCE Modules */ = {
			isa = PBXGroup;
			children = (
				07A297628C13C8CA2A19DA51 /* juce_audio_basics */,
				555A279468329394B9341FED /* juce_audio_devices */,
				A42D07029BC6949FAB38FB87 /* juce_audio_formats */,
				6068B4EA1853D3C09EF8F060 /* juce_audio_plugin_client */,
				ED51EA9A7090B9794A513DA2 /* juce_audio_processors */,
				9063089B5541B6C5DBD45355 /* juce_audio_utils */,
				4C4A024EE3457040614E1153 /* juce_core */,
				DDBA3717B1889DDB3396E8E2 /* juce_data_structures */,
				8556E6C91E40D24DB4F2981F /* juce_dsp */,
				5A37B81E05A3A5F678C0D303 /* juce_events */,
				76D4ABE67BD4000AC847640B /* juce_graphics */,
				E3E23FBA516DB88BA48AE43F /* juce_gui_basics */,
				A895BE0FCFB6C6FC217378AD /* juce_gui_extra */,
			);
			name = "JUCE Modules";
			sourceTree = "<group>";
		};
		E7F54FBFC026797DDD1B66DC /* Frameworks */ = {
			isa = PBXGroup;
			children = (
				4A9C8EB25CF2871D68E2ADF7 /* AudioUnit.framework */,
				A2A34B75932DBDBD55AFEA99 /* Accelerate.framework */,
				04F0A5ED46514A954E20CA4A /* AudioToolbox.framework */,
				64ECC1838527889BC4CA1DE7 /* Carbon.framework */,
				2FD83FFC1F6FB2D1C17695BE /* Cocoa.framework */,
				856B9FE8516E628D4EBA8ABD /* CoreAudio.framework */,
				74D76E858614392DE38CBBF4 /* CoreAudioKit.framework */,
				EFA73167C7FBFC144BA85F54 /* CoreMIDI.framework */,
				AC96347B8349B310C74B11A5 /* DiscRecording.framework */,
				2EEE92D394ED26B32E4DC423 /* Foundation.framework */,
				7261C7DAC5616FCCBC3B5C24 /* IOKit.framework */,
				4F7F6E9D4CE8AF30E8040D2A /* QuartzCore.framework */,
				7608B6DB6B9BF34FB8DF8352 /* WebKit.framework */,
			);
			name = Frameworks;
			sourceTree = "<group>";
		};
/* End PBXGroup section */

/* Begin PBXNativeTarget section */
		61918915ECE3680281D504D8 /* Delay_Plugin - AU */ = {
			isa = PBXNativeTarget;
			buildConfigurationList = FAEEA392D0F01E9D9BE5C14B /* Build configuration list for PBXNativeTarget "Delay_Plugin - AU" */;
			buildPhases = (
				3D1988DEC8D37AF11B5039BA /* Resources */,
				9CBAD8094D0E4BD661313FCF /* Rez */,
				C7CA87B4D730BC589C6FD433 /* Sources */,
				073AC4E2B1E4038E67C7FA9E /* Frameworks */,
			);
			buildRules = (
			);
			dependencies = (
				CED6ABD528A6B9C8F2A3D524 /* PBXTargetDependency */,
			);
			name = "Delay_Plugin - AU";
			productName = Delay_Plugin;
			productReference = BA0845AF6FF33DE0DD2C1D54 /* Delay_Plugin.component */;
			productType = "com.apple.product-type.bundle";
		};
		856788384D3F3F8D94E63C23 /* Delay_Plugin - Standalone Plugin */ = {
			isa = PBXNativeTarget;
			buildConfigurationList = EE16DF0C430FF5E54D2B61CB /* Build configuration list for PBXNativeTarget "Delay_Plugin - Standalone Plugin" */;
			buildPhases = (
				336D4087D8E7C56BD704F8AF /* Resources */,
				842A6D692B80EB8772FD1367 /* Sources */,
				8B29DAA3CB969E47E6A772B2 /* Frameworks */,
			);
			buildRules = (
			);
			dependencies = (
				743E4EC99A1B41A21146E397 /* PBXTargetDependency */,
			);
			name = "Delay_Plugin - Standalone Plugin";
			productName = Delay_Plugin;
			productReference = 381814034159DE871983884A /* Delay_Plugin.app */;
			productType = "com.apple.product-type.application";
		};
		8D19425083BBB12EFDCD4749 /* Delay_Plugin - VST3 */ = {
			isa = PBXNativeTarget;
			buildConfigurationList = 931D98FB67C4A71FDB46A7D7 /* Build configuration list for PBXNativeTarget "Delay_Plugin - VST3" */;
			buildPhases = (
				3D84DB356D1ED2A6839C405D /* Resources */,
				CE03DF1DB89AE196F177DCD2 /* Sources */,
				FCD95B064DF7ED8474619E41 /* Frameworks */,
			);
			buildRules = (
			);
			dependencies = (
				23AC880CA1E50E8A281CED22 /* PBXTargetDependency */,
			);
			name = "Delay_Plugin - VST3";
			productName = Delay_Plugin;
			productReference = D957D5A992A224B677C519F0 /* Delay_Plugin.vst3 */;
			productType = "com.apple.product-type.bundle";
		};
		93F1736AAD1355F95C4E9043 /* Delay_Plugin - Shared Code */ = {
			isa = PBXNativeTarget;
			buildConfigurationList = E2FD793DDBF98EF082CE096F /* Build configuration list for PBXNativeTarget "Delay_Plugin - Shared Code" */;
			buildPhases = (
				84E97A4E1E7C03831EB65F3D /* Sources */,
			);
			buildRules = (
			);
			dependencies = (
			);
			name = "Delay_Plugin - Shared Code";
			productName = Delay_Plugin;
			productReference = 284EC0CD0C8D57A7806B36D4 /* libDelay_Plugin.a */;
			productType = "com.apple.product-type.library.static";
		};
/* End PBXNativeTarget section */

/* Begin PBXProject section */
		422E67C4F1FDC77BDC2729BC /* Project object */ = {
			isa = PBXProject;
			attributes = {
				LastUpgradeCheck = 1240;
				ORGANIZATIONNAME = "";
				TargetAttributes = {
					61918915ECE3680281D504D8 = {
						SystemCapabilities = {
							com.apple.ApplicationGroups.iOS = {
								enabled = 0;
							};
							com.apple.HardenedRuntime = {
								enabled = 0;
							};
							com.apple.InAppPurchase = {
								enabled = 0;
							};
							com.apple.InterAppAudio = {
								enabled = 0;
							};
							com.apple.Push = {
								enabled = 0;
							};
							com.apple.Sandbox = {
								enabled = 0;
							};
						};
					};
					856788384D3F3F8D94E63C23 = {
						SystemCapabilities = {
							com.apple.ApplicationGroups.iOS = {
								enabled = 0;
							};
							com.apple.HardenedRuntime = {
								enabled = 0;
							};
							com.apple.InAppPurchase = {
								enabled = 0;
							};
							com.apple.InterAppAudio = {
								enabled = 0;
							};
							com.apple.Push = {
								enabled = 0;
							};
							com.apple.Sandbox = {
								enabled = 0;
							};
						};
					};
					8D19425083BBB12EFDCD4749 = {
						SystemCapabilities = {
							com.apple.ApplicationGroups.iOS = {
								enabled = 0;
							};
							com.apple.HardenedRuntime = {
								enabled = 0;
							};
							com.apple.InAppPurchase = {
								enabled = 0;
							};
							com.apple.InterAppAudio = {
								enabled = 0;
							};
							com.apple.Push = {
								enabled = 0;
							};
							com.apple.Sandbox = {
								enabled = 0;
							};
						};
					};
					8F8479355FB99149FAE27105 = {
						SystemCapabilities = {
							com.apple.ApplicationGroups.iOS = {
								enabled = 0;
							};
							com.apple.HardenedRuntime = {
								enabled = 0;
							};
							com.apple.InAppPurchase = {
								enabled = 0;
							};
							com.apple.InterAppAudio = {
								enabled = 0;
							};
							com.apple.Push = {
								enabled = 0;
							};
							com.apple.Sandbox = {
								enabled = 0;
							};
						};
					};
					93F1736AAD1355F95C4E9043 = {
						SystemCapabilities = {
							com.apple.ApplicationGroups.iOS = {
								enabled = 0;
							};
							com.apple.HardenedRuntime = {
								enabled = 0;
							};
							com.apple.InAppPurchase = {
								enabled = 0;
							};
							com.apple.InterAppAudio = {
								enabled = 0;
							};
							com.apple.Push = {
								enabled = 0;
							};
							com.apple.Sandbox = {
								enabled = 0;
							};
						};
					};
				};
			};
			buildConfigurationList = 5A0B6250BF6AB0D26F6B9119 /* Build configuration list for PBXProject "Delay_Plugin" */;
			compatibilityVersion = "Xcode 3.2";
			developmentRegion = en;
			hasScannedForEncodings = 0;
			knownRegions = (
				en,
				Base,
			);
			mainGroup = A10D8597E788424152891B76 /* Source */;
			projectDirPath = "";
			projectRoot = "";
			targets = (
				8F8479355FB99149FAE27105 /* Delay_Plugin - All */,
				8D19425083BBB12EFDCD4749 /* Delay_Plugin - VST3 */,
				61918915ECE3680281D504D8 /* Delay_Plugin - AU */,
				856788384D3F3F8D94E63C23 /* Delay_Plugin - Standalone Plugin */,
				93F1736AAD1355F95C4E9043 /* Delay_Plugin - Shared Code */,
			);
		};
/* End PBXProject section */

/* Begin PBXResourcesBuildPhase section */
		336D4087D8E7C56BD704F8AF /* Resources */ = {
			isa = PBXResourcesBuildPhase;
			buildActionMask = 2147483647;
			files = (
				3D660AE3266E7CA1009A5486 /* RecentFilesMenuTemplate.nib in Resources */,
			);
			runOnlyForDeploymentPostprocessing = 0;
		};
		3D1988DEC8D37AF11B5039BA /* Resources */ = {
			isa = PBXResourcesBuildPhase;
			buildActionMask = 2147483647;
			files = (
				3D660AD6266E7CA1009A5486 /* RecentFilesMenuTemplate.nib in Resources */,
			);
			runOnlyForDeploymentPostprocessing = 0;
		};
		3D84DB356D1ED2A6839C405D /* Resources */ = {
			isa = PBXResourcesBuildPhase;
			buildActionMask = 2147483647;
			files = (
				302580D8101AD271A1F9183D /* RecentFilesMenuTemplate.nib in Resources */,
			);
			runOnlyForDeploymentPostprocessing = 0;
		};
/* End PBXResourcesBuildPhase section */

/* Begin PBXRezBuildPhase section */
		9CBAD8094D0E4BD661313FCF /* Rez */ = {
			isa = PBXRezBuildPhase;
			buildActionMask = 2147483647;
			files = (
				65F758AA7280303F473BCCF6 /* include_juce_audio_plugin_client_AU.r in Rez */,
			);
			runOnlyForDeploymentPostprocessing = 0;
		};
/* End PBXRezBuildPhase section */

/* Begin PBXSourcesBuildPhase section */
		842A6D692B80EB8772FD1367 /* Sources */ = {
			isa = PBXSourcesBuildPhase;
			buildActionMask = 2147483647;
			files = (
				2669A93D198A69B1B6A5D8B2 /* include_juce_audio_plugin_client_Standalone.cpp in Sources */,
			);
			runOnlyForDeploymentPostprocessing = 0;
		};
		84E97A4E1E7C03831EB65F3D /* Sources */ = {
			isa = PBXSourcesBuildPhase;
			buildActionMask = 2147483647;
			files = (
				001F2771D8670D156DA95093 /* PluginProcessor.cpp in Sources */,
				A803A4370D734D51A13DB465 /* PluginEditor.cpp in Sources */,
				428577657D30C138A82738E1 /* include_juce_audio_basics.mm in Sources */,
				1BA084B0F392FA56D198146F /* include_juce_audio_devices.mm in Sources */,
				75A518DE38157A76E33090A2 /* include_juce_audio_formats.mm in Sources */,
				5907864DD25D97D310F90DFA /* include_juce_audio_plugin_client_utils.cpp in Sources */,
				302162C1AA0083DA07158E69 /* include_juce_audio_plugin_client_VST_utils.mm in Sources */,
				B165FEB963814121D9A877C8 /* include_juce_audio_processors.mm in Sources */,
				15FCAC4C074AB67FF8F80430 /* include_juce_audio_utils.mm in Sources */,
				B76D6879A7AC0AA87749708A /* include_juce_core.mm in Sources */,
				0DE3B295E03870647D700767 /* include_juce_data_structures.mm in Sources */,
				5C52DB8664593846DA0890EF /* include_juce_dsp.mm in Sources */,
				1F3F8BBB6EBA9E3564ABBC43 /* include_juce_events.mm in Sources */,
				9A69BE3BC62286101C8AA41A /* include_juce_graphics.mm in Sources */,
				0150A735B556D7CC0D3CE669 /* include_juce_gui_basics.mm in Sources */,
				EC1F28F62E5708E96EB51DCE /* include_juce_gui_extra.mm in Sources */,
			);
			runOnlyForDeploymentPostprocessing = 0;
		};
		C7CA87B4D730BC589C6FD433 /* Sources */ = {
			isa = PBXSourcesBuildPhase;
			buildActionMask = 2147483647;
			files = (
				90966F5188E48579BF233620 /* include_juce_audio_plugin_client_AU_1.mm in Sources */,
				0E445997FD6421B93335E373 /* include_juce_audio_plugin_client_AU_2.mm in Sources */,
			);
			runOnlyForDeploymentPostprocessing = 0;
		};
		CE03DF1DB89AE196F177DCD2 /* Sources */ = {
			isa = PBXSourcesBuildPhase;
			buildActionMask = 2147483647;
			files = (
				4D0CFC64E64E2F37F0E73590 /* include_juce_audio_plugin_client_VST3.cpp in Sources */,
			);
			runOnlyForDeploymentPostprocessing = 0;
		};
/* End PBXSourcesBuildPhase section */

/* Begin PBXTargetDependency section */
		23AC880CA1E50E8A281CED22 /* PBXTargetDependency */ = {
			isa = PBXTargetDependency;
			target = 93F1736AAD1355F95C4E9043 /* Delay_Plugin - Shared Code */;
			targetProxy = 3D660AF0266E7CA3009A5486 /* PBXContainerItemProxy */;
		};
		4D7D2355E2F281CD971727B5 /* PBXTargetDependency */ = {
			isa = PBXTargetDependency;
			target = 856788384D3F3F8D94E63C23 /* Delay_Plugin - Standalone Plugin */;
			targetProxy = 3D660AF5266E7CA3009A5486 /* PBXContainerItemProxy */;
		};
		743E4EC99A1B41A21146E397 /* PBXTargetDependency */ = {
			isa = PBXTargetDependency;
			target = 93F1736AAD1355F95C4E9043 /* Delay_Plugin - Shared Code */;
			targetProxy = 3D660AF1266E7CA3009A5486 /* PBXContainerItemProxy */;
		};
		A494CCB71277CA9C0E7C43BD /* PBXTargetDependency */ = {
			isa = PBXTargetDependency;
			target = 61918915ECE3680281D504D8 /* Delay_Plugin - AU */;
			targetProxy = 3D660AF4266E7CA3009A5486 /* PBXContainerItemProxy */;
		};
		B7376D21B0B1F64773C78FDD /* PBXTargetDependency */ = {
			isa = PBXTargetDependency;
			target = 93F1736AAD1355F95C4E9043 /* Delay_Plugin - Shared Code */;
			targetProxy = 3D660AF6266E7CA3009A5486 /* PBXContainerItemProxy */;
		};
		CED6ABD528A6B9C8F2A3D524 /* PBXTargetDependency */ = {
			isa = PBXTargetDependency;
			target = 93F1736AAD1355F95C4E9043 /* Delay_Plugin - Shared Code */;
			targetProxy = 3D660AF2266E7CA3009A5486 /* PBXContainerItemProxy */;
		};
		F86B83297A8AB2404784E516 /* PBXTargetDependency */ = {
			isa = PBXTargetDependency;
			target = 8D19425083BBB12EFDCD4749 /* Delay_Plugin - VST3 */;
			targetProxy = 3D660AF3266E7CA3009A5486 /* PBXContainerItemProxy */;
		};
/* End PBXTargetDependency section */

/* Begin XCBuildConfiguration section */
		13499143B6B32E2318DE48FE /* Release */ = {
			isa = XCBuildConfiguration;
			buildSettings = {
				CLANG_CXX_LANGUAGE_STANDARD = "c++14";
				CLANG_CXX_LIBRARY = "libc++";
				CLANG_LINK_OBJC_RUNTIME = NO;
				CODE_SIGN_IDENTITY = "";
				COMBINE_HIDPI_IMAGES = YES;
				CONFIGURATION_BUILD_DIR = "$(PROJECT_DIR)/build/$(CONFIGURATION)";
				DEAD_CODE_STRIPPING = YES;
				GCC_GENERATE_DEBUGGING_SYMBOLS = NO;
				GCC_OPTIMIZATION_LEVEL = 3;
				GCC_PREPROCESSOR_DEFINITIONS = (
					"_NDEBUG=1",
					"NDEBUG=1",
					"JUCE_DISPLAY_SPLASH_SCREEN=1",
					"JUCE_USE_DARK_SPLASH_SCREEN=1",
					"JUCE_PROJUCER_VERSION=0x60008",
					"JUCE_MODULE_AVAILABLE_juce_audio_basics=1",
					"JUCE_MODULE_AVAILABLE_juce_audio_devices=1",
					"JUCE_MODULE_AVAILABLE_juce_audio_formats=1",
					"JUCE_MODULE_AVAILABLE_juce_audio_plugin_client=1",
					"JUCE_MODULE_AVAILABLE_juce_audio_processors=1",
					"JUCE_MODULE_AVAILABLE_juce_audio_utils=1",
					"JUCE_MODULE_AVAILABLE_juce_core=1",
					"JUCE_MODULE_AVAILABLE_juce_data_structures=1",
					"JUCE_MODULE_AVAILABLE_juce_dsp=1",
					"JUCE_MODULE_AVAILABLE_juce_events=1",
					"JUCE_MODULE_AVAILABLE_juce_graphics=1",
					"JUCE_MODULE_AVAILABLE_juce_gui_basics=1",
					"JUCE_MODULE_AVAILABLE_juce_gui_extra=1",
					"JUCE_GLOBAL_MODULE_SETTINGS_INCLUDED=1",
					"JUCE_VST3_CAN_REPLACE_VST2=0",
					"JUCE_STRICT_REFCOUNTEDPOINTER=1",
					"JucePlugin_Build_VST=0",
					"JucePlugin_Build_VST3=0",
					"JucePlugin_Build_AU=0",
					"JucePlugin_Build_AUv3=0",
					"JucePlugin_Build_RTAS=0",
					"JucePlugin_Build_AAX=0",
					"JucePlugin_Build_Standalone=1",
					"JucePlugin_Build_Unity=0",
					"JucePlugin_Enable_IAA=0",
					"JucePlugin_Name=\\\"Delay_Plugin\\\"",
					"JucePlugin_Desc=\\\"Delay_Plugin\\\"",
					"JucePlugin_Manufacturer=\\\"yourcompany\\\"",
					"JucePlugin_ManufacturerWebsite=\\\"\\\"",
					"JucePlugin_ManufacturerEmail=\\\"\\\"",
					"JucePlugin_ManufacturerCode=0x4d616e75",
					"JucePlugin_PluginCode=0x4a6d6d61",
					"JucePlugin_IsSynth=0",
					"JucePlugin_WantsMidiInput=0",
					"JucePlugin_ProducesMidiOutput=0",
					"JucePlugin_IsMidiEffect=0",
					"JucePlugin_EditorRequiresKeyboardFocus=0",
					"JucePlugin_Version=1.0.0",
					"JucePlugin_VersionCode=0x10000",
					"JucePlugin_VersionString=\\\"1.0.0\\\"",
					"JucePlugin_VSTUniqueID=JucePlugin_PluginCode",
					"JucePlugin_VSTCategory=kPlugCategEffect",
					"JucePlugin_Vst3Category=\\\"Fx\\\"",
					"JucePlugin_AUMainType='aufx'",
					"JucePlugin_AUSubType=JucePlugin_PluginCode",
					"JucePlugin_AUExportPrefix=Delay_PluginAU",
					"JucePlugin_AUExportPrefixQuoted=\\\"Delay_PluginAU\\\"",
					"JucePlugin_AUManufacturerCode=JucePlugin_ManufacturerCode",
					"JucePlugin_CFBundleIdentifier=com.yourcompany.Delay_Plugin",
					"JucePlugin_RTASCategory=0",
					"JucePlugin_RTASManufacturerCode=JucePlugin_ManufacturerCode",
					"JucePlugin_RTASProductId=JucePlugin_PluginCode",
					"JucePlugin_RTASDisableBypass=0",
					"JucePlugin_RTASDisableMultiMono=0",
					"JucePlugin_AAXIdentifier=com.yourcompany.Delay_Plugin",
					"JucePlugin_AAXManufacturerCode=JucePlugin_ManufacturerCode",
					"JucePlugin_AAXProductId=JucePlugin_PluginCode",
					"JucePlugin_AAXCategory=0",
					"JucePlugin_AAXDisableBypass=0",
					"JucePlugin_AAXDisableMultiMono=0",
					"JucePlugin_IAAType=0x61757278",
					"JucePlugin_IAASubType=JucePlugin_PluginCode",
					"JucePlugin_IAAName=\\\"yourcompany:\\ Delay_Plugin\\\"",
					"JucePlugin_VSTNumMidiInputs=16",
					"JucePlugin_VSTNumMidiOutputs=16",
					"JUCE_STANDALONE_APPLICATION=JucePlugin_Build_Standalone",
					"JUCER_XCODE_MAC_F6D2F4CF=1",
					"JUCE_APP_VERSION=1.0.0",
					"JUCE_APP_VERSION_HEX=0x10000",
				);
				GCC_VERSION = com.apple.compilers.llvm.clang.1_0;
				HEADER_SEARCH_PATHS = (
					"$(HOME)/JUCE/modules/juce_audio_processors/format_types/VST3_SDK",
					"$(SRCROOT)/../../JuceLibraryCode",
					"$(HOME)/JUCE/modules",
					"$(HOME)/JUCE/modules/juce_audio_plugin_client",
					"$(inherited)",
				);
				INFOPLIST_FILE = "Info-Standalone_Plugin.plist";
				INFOPLIST_PREPROCESS = NO;
				LLVM_LTO = YES;
				MACOSX_DEPLOYMENT_TARGET = 10.11;
				MTL_HEADER_SEARCH_PATHS = "$(HOME)/JUCE/modules/juce_audio_processors/format_types/VST3_SDK $(SRCROOT)/../../JuceLibraryCode $(HOME)/JUCE/modules $(HOME)/JUCE/modules/juce_audio_plugin_client";
				OTHER_LDFLAGS = "-lDelay_Plugin";
				PRODUCT_BUNDLE_IDENTIFIER = com.yourcompany.Delay_Plugin;
				PRODUCT_NAME = Delay_Plugin;
				USE_HEADERMAP = NO;
				VALID_ARCHS = "i386 x86_64 arm64 arm64e";
			};
			name = Release;
		};
		1B1F1496CCF5F81011C786AE /* Debug */ = {
			isa = XCBuildConfiguration;
			buildSettings = {
				CLANG_CXX_LANGUAGE_STANDARD = "c++14";
				CLANG_CXX_LIBRARY = "libc++";
				CLANG_LINK_OBJC_RUNTIME = NO;
				CODE_SIGN_IDENTITY = "";
				COMBINE_HIDPI_IMAGES = YES;
				CONFIGURATION_BUILD_DIR = "$(PROJECT_DIR)/build/$(CONFIGURATION)";
				COPY_PHASE_STRIP = NO;
				DEPLOYMENT_LOCATION = YES;
				DSTROOT = /;
				GCC_DYNAMIC_NO_PIC = NO;
				GCC_OPTIMIZATION_LEVEL = 0;
				GCC_PREPROCESSOR_DEFINITIONS = (
					"_DEBUG=1",
					"DEBUG=1",
					"JUCE_DISPLAY_SPLASH_SCREEN=1",
					"JUCE_USE_DARK_SPLASH_SCREEN=1",
					"JUCE_PROJUCER_VERSION=0x60008",
					"JUCE_MODULE_AVAILABLE_juce_audio_basics=1",
					"JUCE_MODULE_AVAILABLE_juce_audio_devices=1",
					"JUCE_MODULE_AVAILABLE_juce_audio_formats=1",
					"JUCE_MODULE_AVAILABLE_juce_audio_plugin_client=1",
					"JUCE_MODULE_AVAILABLE_juce_audio_processors=1",
					"JUCE_MODULE_AVAILABLE_juce_audio_utils=1",
					"JUCE_MODULE_AVAILABLE_juce_core=1",
					"JUCE_MODULE_AVAILABLE_juce_data_structures=1",
					"JUCE_MODULE_AVAILABLE_juce_dsp=1",
					"JUCE_MODULE_AVAILABLE_juce_events=1",
					"JUCE_MODULE_AVAILABLE_juce_graphics=1",
					"JUCE_MODULE_AVAILABLE_juce_gui_basics=1",
					"JUCE_MODULE_AVAILABLE_juce_gui_extra=1",
					"JUCE_GLOBAL_MODULE_SETTINGS_INCLUDED=1",
					"JUCE_VST3_CAN_REPLACE_VST2=0",
					"JUCE_STRICT_REFCOUNTEDPOINTER=1",
					"JucePlugin_Build_VST=0",
					"JucePlugin_Build_VST3=1",
					"JucePlugin_Build_AU=0",
					"JucePlugin_Build_AUv3=0",
					"JucePlugin_Build_RTAS=0",
					"JucePlugin_Build_AAX=0",
					"JucePlugin_Build_Standalone=0",
					"JucePlugin_Build_Unity=0",
					"JucePlugin_Enable_IAA=0",
					"JucePlugin_Name=\\\"Delay_Plugin\\\"",
					"JucePlugin_Desc=\\\"Delay_Plugin\\\"",
					"JucePlugin_Manufacturer=\\\"yourcompany\\\"",
					"JucePlugin_ManufacturerWebsite=\\\"\\\"",
					"JucePlugin_ManufacturerEmail=\\\"\\\"",
					"JucePlugin_ManufacturerCode=0x4d616e75",
					"JucePlugin_PluginCode=0x4a6d6d61",
					"JucePlugin_IsSynth=0",
					"JucePlugin_WantsMidiInput=0",
					"JucePlugin_ProducesMidiOutput=0",
					"JucePlugin_IsMidiEffect=0",
					"JucePlugin_EditorRequiresKeyboardFocus=0",
					"JucePlugin_Version=1.0.0",
					"JucePlugin_VersionCode=0x10000",
					"JucePlugin_VersionString=\\\"1.0.0\\\"",
					"JucePlugin_VSTUniqueID=JucePlugin_PluginCode",
					"JucePlugin_VSTCategory=kPlugCategEffect",
					"JucePlugin_Vst3Category=\\\"Fx\\\"",
					"JucePlugin_AUMainType='aufx'",
					"JucePlugin_AUSubType=JucePlugin_PluginCode",
					"JucePlugin_AUExportPrefix=Delay_PluginAU",
					"JucePlugin_AUExportPrefixQuoted=\\\"Delay_PluginAU\\\"",
					"JucePlugin_AUManufacturerCode=JucePlugin_ManufacturerCode",
					"JucePlugin_CFBundleIdentifier=com.yourcompany.Delay_Plugin",
					"JucePlugin_RTASCategory=0",
					"JucePlugin_RTASManufacturerCode=JucePlugin_ManufacturerCode",
					"JucePlugin_RTASProductId=JucePlugin_PluginCode",
					"JucePlugin_RTASDisableBypass=0",
					"JucePlugin_RTASDisableMultiMono=0",
					"JucePlugin_AAXIdentifier=com.yourcompany.Delay_Plugin",
					"JucePlugin_AAXManufacturerCode=JucePlugin_ManufacturerCode",
					"JucePlugin_AAXProductId=JucePlugin_PluginCode",
					"JucePlugin_AAXCategory=0",
					"JucePlugin_AAXDisableBypass=0",
					"JucePlugin_AAXDisableMultiMono=0",
					"JucePlugin_IAAType=0x61757278",
					"JucePlugin_IAASubType=JucePlugin_PluginCode",
					"JucePlugin_IAAName=\\\"yourcompany:\\ Delay_Plugin\\\"",
					"JucePlugin_VSTNumMidiInputs=16",
					"JucePlugin_VSTNumMidiOutputs=16",
					"JUCE_STANDALONE_APPLICATION=JucePlugin_Build_Standalone",
					"JUCER_XCODE_MAC_F6D2F4CF=1",
					"JUCE_APP_VERSION=1.0.0",
					"JUCE_APP_VERSION_HEX=0x10000",
				);
				GCC_VERSION = com.apple.compilers.llvm.clang.1_0;
				GENERATE_PKGINFO_FILE = YES;
				HEADER_SEARCH_PATHS = (
					"$(HOME)/JUCE/modules/juce_audio_processors/format_types/VST3_SDK",
					"$(SRCROOT)/../../JuceLibraryCode",
					"$(HOME)/JUCE/modules",
					"$(HOME)/JUCE/modules/juce_audio_plugin_client",
					"$(inherited)",
				);
				INFOPLIST_FILE = "Info-VST3.plist";
				INFOPLIST_PREPROCESS = NO;
				INSTALL_PATH = "$(HOME)/Library/Audio/Plug-Ins/VST3/";
				LIBRARY_STYLE = Bundle;
				MACOSX_DEPLOYMENT_TARGET = 10.11;
				MTL_HEADER_SEARCH_PATHS = "$(HOME)/JUCE/modules/juce_audio_processors/format_types/VST3_SDK $(SRCROOT)/../../JuceLibraryCode $(HOME)/JUCE/modules $(HOME)/JUCE/modules/juce_audio_plugin_client";
				OTHER_LDFLAGS = (
					"-bundle",
					"-lDelay_Plugin",
				);
				PRODUCT_BUNDLE_IDENTIFIER = com.yourcompany.Delay_Plugin;
				PRODUCT_NAME = Delay_Plugin;
				USE_HEADERMAP = NO;
				VALID_ARCHS = "i386 x86_64 arm64 arm64e";
				WRAPPER_EXTENSION = vst3;
			};
			name = Debug;
		};
		228008BA58BB14608DC564F9 /* Release */ = {
			isa = XCBuildConfiguration;
			buildSettings = {
				CLANG_CXX_LANGUAGE_STANDARD = "c++14";
				CLANG_CXX_LIBRARY = "libc++";
				CLANG_LINK_OBJC_RUNTIME = NO;
				CODE_SIGN_IDENTITY = "";
				COMBINE_HIDPI_IMAGES = YES;
				CONFIGURATION_BUILD_DIR = "$(PROJECT_DIR)/build/$(CONFIGURATION)";
				DEAD_CODE_STRIPPING = YES;
				GCC_GENERATE_DEBUGGING_SYMBOLS = NO;
				GCC_OPTIMIZATION_LEVEL = 3;
				GCC_PREPROCESSOR_DEFINITIONS = (
					"_NDEBUG=1",
					"NDEBUG=1",
					"JUCE_DISPLAY_SPLASH_SCREEN=1",
					"JUCE_USE_DARK_SPLASH_SCREEN=1",
					"JUCE_PROJUCER_VERSION=0x60008",
					"JUCE_MODULE_AVAILABLE_juce_audio_basics=1",
					"JUCE_MODULE_AVAILABLE_juce_audio_devices=1",
					"JUCE_MODULE_AVAILABLE_juce_audio_formats=1",
					"JUCE_MODULE_AVAILABLE_juce_audio_plugin_client=1",
					"JUCE_MODULE_AVAILABLE_juce_audio_processors=1",
					"JUCE_MODULE_AVAILABLE_juce_audio_utils=1",
					"JUCE_MODULE_AVAILABLE_juce_core=1",
					"JUCE_MODULE_AVAILABLE_juce_data_structures=1",
					"JUCE_MODULE_AVAILABLE_juce_dsp=1",
					"JUCE_MODULE_AVAILABLE_juce_events=1",
					"JUCE_MODULE_AVAILABLE_juce_graphics=1",
					"JUCE_MODULE_AVAILABLE_juce_gui_basics=1",
					"JUCE_MODULE_AVAILABLE_juce_gui_extra=1",
					"JUCE_GLOBAL_MODULE_SETTINGS_INCLUDED=1",
					"JUCE_VST3_CAN_REPLACE_VST2=0",
					"JUCE_STRICT_REFCOUNTEDPOINTER=1",
					"JucePlugin_Build_VST=0",
					"JucePlugin_Build_VST3=1",
					"JucePlugin_Build_AU=1",
					"JucePlugin_Build_AUv3=0",
					"JucePlugin_Build_RTAS=0",
					"JucePlugin_Build_AAX=0",
					"JucePlugin_Build_Standalone=1",
					"JucePlugin_Build_Unity=0",
					"JucePlugin_Enable_IAA=0",
					"JucePlugin_Name=\\\"Delay_Plugin\\\"",
					"JucePlugin_Desc=\\\"Delay_Plugin\\\"",
					"JucePlugin_Manufacturer=\\\"yourcompany\\\"",
					"JucePlugin_ManufacturerWebsite=\\\"\\\"",
					"JucePlugin_ManufacturerEmail=\\\"\\\"",
					"JucePlugin_ManufacturerCode=0x4d616e75",
					"JucePlugin_PluginCode=0x4a6d6d61",
					"JucePlugin_IsSynth=0",
					"JucePlugin_WantsMidiInput=0",
					"JucePlugin_ProducesMidiOutput=0",
					"JucePlugin_IsMidiEffect=0",
					"JucePlugin_EditorRequiresKeyboardFocus=0",
					"JucePlugin_Version=1.0.0",
					"JucePlugin_VersionCode=0x10000",
					"JucePlugin_VersionString=\\\"1.0.0\\\"",
					"JucePlugin_VSTUniqueID=JucePlugin_PluginCode",
					"JucePlugin_VSTCategory=kPlugCategEffect",
					"JucePlugin_Vst3Category=\\\"Fx\\\"",
					"JucePlugin_AUMainType='aufx'",
					"JucePlugin_AUSubType=JucePlugin_PluginCode",
					"JucePlugin_AUExportPrefix=Delay_PluginAU",
					"JucePlugin_AUExportPrefixQuoted=\\\"Delay_PluginAU\\\"",
					"JucePlugin_AUManufacturerCode=JucePlugin_ManufacturerCode",
					"JucePlugin_CFBundleIdentifier=com.yourcompany.Delay_Plugin",
					"JucePlugin_RTASCategory=0",
					"JucePlugin_RTASManufacturerCode=JucePlugin_ManufacturerCode",
					"JucePlugin_RTASProductId=JucePlugin_PluginCode",
					"JucePlugin_RTASDisableBypass=0",
					"JucePlugin_RTASDisableMultiMono=0",
					"JucePlugin_AAXIdentifier=com.yourcompany.Delay_Plugin",
					"JucePlugin_AAXManufacturerCode=JucePlugin_ManufacturerCode",
					"JucePlugin_AAXProductId=JucePlugin_PluginCode",
					"JucePlugin_AAXCategory=0",
					"JucePlugin_AAXDisableBypass=0",
					"JucePlugin_AAXDisableMultiMono=0",
					"JucePlugin_IAAType=0x61757278",
					"JucePlugin_IAASubType=JucePlugin_PluginCode",
					"JucePlugin_IAAName=\\\"yourcompany:\\ Delay_Plugin\\\"",
					"JucePlugin_VSTNumMidiInputs=16",
					"JucePlugin_VSTNumMidiOutputs=16",
					"JUCE_STANDALONE_APPLICATION=JucePlugin_Build_Standalone",
					"JUCER_XCODE_MAC_F6D2F4CF=1",
					"JUCE_APP_VERSION=1.0.0",
					"JUCE_APP_VERSION_HEX=0x10000",
					"JUCE_SHARED_CODE=1",
				);
				GCC_VERSION = com.apple.compilers.llvm.clang.1_0;
				HEADER_SEARCH_PATHS = (
					"$(HOME)/JUCE/modules/juce_audio_processors/format_types/VST3_SDK",
					"$(SRCROOT)/../../JuceLibraryCode",
					"$(HOME)/JUCE/modules",
					"$(HOME)/JUCE/modules/juce_audio_plugin_client",
					"$(inherited)",
				);
				INSTALL_PATH = "@executable_path/../Frameworks";
				LLVM_LTO = YES;
				MACOSX_DEPLOYMENT_TARGET = 10.11;
				MTL_HEADER_SEARCH_PATHS = "$(HOME)/JUCE/modules/juce_audio_processors/format_types/VST3_SDK $(SRCROOT)/../../JuceLibraryCode $(HOME)/JUCE/modules $(HOME)/JUCE/modules/juce_audio_plugin_client";
				PRODUCT_BUNDLE_IDENTIFIER = com.yourcompany.Delay_Plugin;
				PRODUCT_NAME = Delay_Plugin;
				SKIP_INSTALL = YES;
				USE_HEADERMAP = NO;
				VALID_ARCHS = "i386 x86_64 arm64 arm64e";
			};
			name = Release;
		};
		26FDA293FE3E9E7B29EB9270 /* Debug */ = {
			isa = XCBuildConfiguration;
			buildSettings = {
				CLANG_CXX_LANGUAGE_STANDARD = "c++14";
				CLANG_CXX_LIBRARY = "libc++";
				CLANG_LINK_OBJC_RUNTIME = NO;
				CODE_SIGN_IDENTITY = "";
				COMBINE_HIDPI_IMAGES = YES;
				CONFIGURATION_BUILD_DIR = "$(PROJECT_DIR)/build/$(CONFIGURATION)";
				COPY_PHASE_STRIP = NO;
				DEPLOYMENT_LOCATION = YES;
				DSTROOT = /;
				GCC_DYNAMIC_NO_PIC = NO;
				GCC_OPTIMIZATION_LEVEL = 0;
				GCC_PREPROCESSOR_DEFINITIONS = (
					"_DEBUG=1",
					"DEBUG=1",
					"JUCE_DISPLAY_SPLASH_SCREEN=1",
					"JUCE_USE_DARK_SPLASH_SCREEN=1",
					"JUCE_PROJUCER_VERSION=0x60008",
					"JUCE_MODULE_AVAILABLE_juce_audio_basics=1",
					"JUCE_MODULE_AVAILABLE_juce_audio_devices=1",
					"JUCE_MODULE_AVAILABLE_juce_audio_formats=1",
					"JUCE_MODULE_AVAILABLE_juce_audio_plugin_client=1",
					"JUCE_MODULE_AVAILABLE_juce_audio_processors=1",
					"JUCE_MODULE_AVAILABLE_juce_audio_utils=1",
					"JUCE_MODULE_AVAILABLE_juce_core=1",
					"JUCE_MODULE_AVAILABLE_juce_data_structures=1",
					"JUCE_MODULE_AVAILABLE_juce_dsp=1",
					"JUCE_MODULE_AVAILABLE_juce_events=1",
					"JUCE_MODULE_AVAILABLE_juce_graphics=1",
					"JUCE_MODULE_AVAILABLE_juce_gui_basics=1",
					"JUCE_MODULE_AVAILABLE_juce_gui_extra=1",
					"JUCE_GLOBAL_MODULE_SETTINGS_INCLUDED=1",
					"JUCE_VST3_CAN_REPLACE_VST2=0",
					"JUCE_STRICT_REFCOUNTEDPOINTER=1",
					"JucePlugin_Build_VST=0",
					"JucePlugin_Build_VST3=0",
					"JucePlugin_Build_AU=1",
					"JucePlugin_Build_AUv3=0",
					"JucePlugin_Build_RTAS=0",
					"JucePlugin_Build_AAX=0",
					"JucePlugin_Build_Standalone=0",
					"JucePlugin_Build_Unity=0",
					"JucePlugin_Enable_IAA=0",
					"JucePlugin_Name=\\\"Delay_Plugin\\\"",
					"JucePlugin_Desc=\\\"Delay_Plugin\\\"",
					"JucePlugin_Manufacturer=\\\"yourcompany\\\"",
					"JucePlugin_ManufacturerWebsite=\\\"\\\"",
					"JucePlugin_ManufacturerEmail=\\\"\\\"",
					"JucePlugin_ManufacturerCode=0x4d616e75",
					"JucePlugin_PluginCode=0x4a6d6d61",
					"JucePlugin_IsSynth=0",
					"JucePlugin_WantsMidiInput=0",
					"JucePlugin_ProducesMidiOutput=0",
					"JucePlugin_IsMidiEffect=0",
					"JucePlugin_EditorRequiresKeyboardFocus=0",
					"JucePlugin_Version=1.0.0",
					"JucePlugin_VersionCode=0x10000",
					"JucePlugin_VersionString=\\\"1.0.0\\\"",
					"JucePlugin_VSTUniqueID=JucePlugin_PluginCode",
					"JucePlugin_VSTCategory=kPlugCategEffect",
					"JucePlugin_Vst3Category=\\\"Fx\\\"",
					"JucePlugin_AUMainType='aufx'",
					"JucePlugin_AUSubType=JucePlugin_PluginCode",
					"JucePlugin_AUExportPrefix=Delay_PluginAU",
					"JucePlugin_AUExportPrefixQuoted=\\\"Delay_PluginAU\\\"",
					"JucePlugin_AUManufacturerCode=JucePlugin_ManufacturerCode",
					"JucePlugin_CFBundleIdentifier=com.yourcompany.Delay_Plugin",
					"JucePlugin_RTASCategory=0",
					"JucePlugin_RTASManufacturerCode=JucePlugin_ManufacturerCode",
					"JucePlugin_RTASProductId=JucePlugin_PluginCode",
					"JucePlugin_RTASDisableBypass=0",
					"JucePlugin_RTASDisableMultiMono=0",
					"JucePlugin_AAXIdentifier=com.yourcompany.Delay_Plugin",
					"JucePlugin_AAXManufacturerCode=JucePlugin_ManufacturerCode",
					"JucePlugin_AAXProductId=JucePlugin_PluginCode",
					"JucePlugin_AAXCategory=0",
					"JucePlugin_AAXDisableBypass=0",
					"JucePlugin_AAXDisableMultiMono=0",
					"JucePlugin_IAAType=0x61757278",
					"JucePlugin_IAASubType=JucePlugin_PluginCode",
					"JucePlugin_IAAName=\\\"yourcompany:\\ Delay_Plugin\\\"",
					"JucePlugin_VSTNumMidiInputs=16",
					"JucePlugin_VSTNumMidiOutputs=16",
					"JUCE_STANDALONE_APPLICATION=JucePlugin_Build_Standalone",
					"JUCER_XCODE_MAC_F6D2F4CF=1",
					"JUCE_APP_VERSION=1.0.0",
					"JUCE_APP_VERSION_HEX=0x10000",
				);
				GCC_VERSION = com.apple.compilers.llvm.clang.1_0;
				GENERATE_PKGINFO_FILE = YES;
				HEADER_SEARCH_PATHS = (
					"$(HOME)/JUCE/modules/juce_audio_processors/format_types/VST3_SDK",
					"$(SRCROOT)/../../JuceLibraryCode",
					"$(HOME)/JUCE/modules",
					"$(HOME)/JUCE/modules/juce_audio_plugin_client",
					"$(inherited)",
				);
				INFOPLIST_FILE = "Info-AU.plist";
				INFOPLIST_PREPROCESS = NO;
				INSTALL_PATH = "$(HOME)/Library/Audio/Plug-Ins/Components/";
				LIBRARY_STYLE = Bundle;
				MACOSX_DEPLOYMENT_TARGET = 10.11;
				MTL_HEADER_SEARCH_PATHS = "$(HOME)/JUCE/modules/juce_audio_processors/format_types/VST3_SDK $(SRCROOT)/../../JuceLibraryCode $(HOME)/JUCE/modules $(HOME)/JUCE/modules/juce_audio_plugin_client";
				OTHER_LDFLAGS = (
					"-bundle",
					"-lDelay_Plugin",
				);
				OTHER_REZFLAGS = "-d ppc_$ppc -d i386_$i386 -d ppc64_$ppc64 -d x86_64_$x86_64 -I /System/Library/Frameworks/CoreServices.framework/Frameworks/CarbonCore.framework/Versions/A/Headers -I \"$(DEVELOPER_DIR)/Extras/CoreAudio/AudioUnits/AUPublic/AUBase\" -I \"$(DEVELOPER_DIR)/Platforms/MacOSX.platform/Developer/SDKs/MacOSX.sdk/System/Library/Frameworks/AudioUnit.framework/Headers\"";
				PRODUCT_BUNDLE_IDENTIFIER = com.yourcompany.Delay_Plugin;
				PRODUCT_NAME = Delay_Plugin;
				USE_HEADERMAP = NO;
				VALID_ARCHS = "i386 x86_64 arm64 arm64e";
				WRAPPER_EXTENSION = component;
			};
			name = Debug;
		};
		38D0C5E51114377CAF2C525F /* Release */ = {
			isa = XCBuildConfiguration;
			buildSettings = {
				MACOSX_DEPLOYMENT_TARGET = 10.11;
				SDKROOT = macosx;
			};
			name = Release;
		};
		394E614CFC3F96584DF71665 /* Debug */ = {
			isa = XCBuildConfiguration;
			buildSettings = {
				MACOSX_DEPLOYMENT_TARGET = 10.11;
				SDKROOT = macosx;
			};
			name = Debug;
		};
		8EACAFF8A11B505018811209 /* Release */ = {
			isa = XCBuildConfiguration;
			buildSettings = {
				ALWAYS_SEARCH_USER_PATHS = NO;
				CLANG_ENABLE_OBJC_WEAK = YES;
				CLANG_WARN_BLOCK_CAPTURE_AUTORELEASING = YES;
				CLANG_WARN_BOOL_CONVERSION = YES;
				CLANG_WARN_COMMA = YES;
				CLANG_WARN_CONSTANT_CONVERSION = YES;
				CLANG_WARN_DEPRECATED_OBJC_IMPLEMENTATIONS = YES;
				CLANG_WARN_EMPTY_BODY = YES;
				CLANG_WARN_ENUM_CONVERSION = YES;
				CLANG_WARN_INFINITE_RECURSION = YES;
				CLANG_WARN_INT_CONVERSION = YES;
				CLANG_WARN_NON_LITERAL_NULL_CONVERSION = YES;
				CLANG_WARN_OBJC_IMPLICIT_RETAIN_SELF = YES;
				CLANG_WARN_OBJC_LITERAL_CONVERSION = YES;
				CLANG_WARN_RANGE_LOOP_ANALYSIS = YES;
				CLANG_WARN_STRICT_PROTOTYPES = YES;
				CLANG_WARN_SUSPICIOUS_MOVE = YES;
				CLANG_WARN_UNREACHABLE_CODE = YES;
				CLANG_WARN__DUPLICATE_METHOD_MATCH = YES;
				CODE_SIGN_IDENTITY = "";
				DEBUG_INFORMATION_FORMAT = dwarf;
				ENABLE_STRICT_OBJC_MSGSEND = YES;
				ENABLE_TESTABILITY = NO;
				GCC_C_LANGUAGE_STANDARD = c11;
				GCC_INLINES_ARE_PRIVATE_EXTERN = YES;
				GCC_MODEL_TUNING = G5;
				GCC_NO_COMMON_BLOCKS = YES;
				GCC_SYMBOLS_PRIVATE_EXTERN = YES;
				GCC_WARN_64_TO_32_BIT_CONVERSION = YES;
				GCC_WARN_ABOUT_RETURN_TYPE = YES;
				GCC_WARN_CHECK_SWITCH_STATEMENTS = YES;
				GCC_WARN_MISSING_PARENTHESES = YES;
				GCC_WARN_NON_VIRTUAL_DESTRUCTOR = YES;
				GCC_WARN_TYPECHECK_CALLS_TO_PRINTF = YES;
				GCC_WARN_UNDECLARED_SELECTOR = YES;
				GCC_WARN_UNINITIALIZED_AUTOS = YES;
				GCC_WARN_UNUSED_FUNCTION = YES;
				GCC_WARN_UNUSED_VARIABLE = YES;
				PRODUCT_NAME = Delay_Plugin;
				SDKROOT = macosx;
				WARNING_CFLAGS = "-Wreorder";
				ZERO_LINK = NO;
			};
			name = Release;
		};
		8FFA76CA6CD2D8E9DD5F7667 /* Release */ = {
			isa = XCBuildConfiguration;
			buildSettings = {
				CLANG_CXX_LANGUAGE_STANDARD = "c++14";
				CLANG_CXX_LIBRARY = "libc++";
				CLANG_LINK_OBJC_RUNTIME = NO;
				CODE_SIGN_IDENTITY = "";
				COMBINE_HIDPI_IMAGES = YES;
				CONFIGURATION_BUILD_DIR = "$(PROJECT_DIR)/build/$(CONFIGURATION)";
				DEAD_CODE_STRIPPING = YES;
				DEPLOYMENT_LOCATION = YES;
				DSTROOT = /;
				GCC_GENERATE_DEBUGGING_SYMBOLS = NO;
				GCC_OPTIMIZATION_LEVEL = 3;
				GCC_PREPROCESSOR_DEFINITIONS = (
					"_NDEBUG=1",
					"NDEBUG=1",
					"JUCE_DISPLAY_SPLASH_SCREEN=1",
					"JUCE_USE_DARK_SPLASH_SCREEN=1",
					"JUCE_PROJUCER_VERSION=0x60008",
					"JUCE_MODULE_AVAILABLE_juce_audio_basics=1",
					"JUCE_MODULE_AVAILABLE_juce_audio_devices=1",
					"JUCE_MODULE_AVAILABLE_juce_audio_formats=1",
					"JUCE_MODULE_AVAILABLE_juce_audio_plugin_client=1",
					"JUCE_MODULE_AVAILABLE_juce_audio_processors=1",
					"JUCE_MODULE_AVAILABLE_juce_audio_utils=1",
					"JUCE_MODULE_AVAILABLE_juce_core=1",
					"JUCE_MODULE_AVAILABLE_juce_data_structures=1",
					"JUCE_MODULE_AVAILABLE_juce_dsp=1",
					"JUCE_MODULE_AVAILABLE_juce_events=1",
					"JUCE_MODULE_AVAILABLE_juce_graphics=1",
					"JUCE_MODULE_AVAILABLE_juce_gui_basics=1",
					"JUCE_MODULE_AVAILABLE_juce_gui_extra=1",
					"JUCE_GLOBAL_MODULE_SETTINGS_INCLUDED=1",
					"JUCE_VST3_CAN_REPLACE_VST2=0",
					"JUCE_STRICT_REFCOUNTEDPOINTER=1",
					"JucePlugin_Build_VST=0",
					"JucePlugin_Build_VST3=0",
					"JucePlugin_Build_AU=1",
					"JucePlugin_Build_AUv3=0",
					"JucePlugin_Build_RTAS=0",
					"JucePlugin_Build_AAX=0",
					"JucePlugin_Build_Standalone=0",
					"JucePlugin_Build_Unity=0",
					"JucePlugin_Enable_IAA=0",
					"JucePlugin_Name=\\\"Delay_Plugin\\\"",
					"JucePlugin_Desc=\\\"Delay_Plugin\\\"",
					"JucePlugin_Manufacturer=\\\"yourcompany\\\"",
					"JucePlugin_ManufacturerWebsite=\\\"\\\"",
					"JucePlugin_ManufacturerEmail=\\\"\\\"",
					"JucePlugin_ManufacturerCode=0x4d616e75",
					"JucePlugin_PluginCode=0x4a6d6d61",
					"JucePlugin_IsSynth=0",
					"JucePlugin_WantsMidiInput=0",
					"JucePlugin_ProducesMidiOutput=0",
					"JucePlugin_IsMidiEffect=0",
					"JucePlugin_EditorRequiresKeyboardFocus=0",
					"JucePlugin_Version=1.0.0",
					"JucePlugin_VersionCode=0x10000",
					"JucePlugin_VersionString=\\\"1.0.0\\\"",
					"JucePlugin_VSTUniqueID=JucePlugin_PluginCode",
					"JucePlugin_VSTCategory=kPlugCategEffect",
					"JucePlugin_Vst3Category=\\\"Fx\\\"",
					"JucePlugin_AUMainType='aufx'",
					"JucePlugin_AUSubType=JucePlugin_PluginCode",
					"JucePlugin_AUExportPrefix=Delay_PluginAU",
					"JucePlugin_AUExportPrefixQuoted=\\\"Delay_PluginAU\\\"",
					"JucePlugin_AUManufacturerCode=JucePlugin_ManufacturerCode",
					"JucePlugin_CFBundleIdentifier=com.yourcompany.Delay_Plugin",
					"JucePlugin_RTASCategory=0",
					"JucePlugin_RTASManufacturerCode=JucePlugin_ManufacturerCode",
					"JucePlugin_RTASProductId=JucePlugin_PluginCode",
					"JucePlugin_RTASDisableBypass=0",
					"JucePlugin_RTASDisableMultiMono=0",
					"JucePlugin_AAXIdentifier=com.yourcompany.Delay_Plugin",
					"JucePlugin_AAXManufacturerCode=JucePlugin_ManufacturerCode",
					"JucePlugin_AAXProductId=JucePlugin_PluginCode",
					"JucePlugin_AAXCategory=0",
					"JucePlugin_AAXDisableBypass=0",
					"JucePlugin_AAXDisableMultiMono=0",
					"JucePlugin_IAAType=0x61757278",
					"JucePlugin_IAASubType=JucePlugin_PluginCode",
					"JucePlugin_IAAName=\\\"yourcompany:\\ Delay_Plugin\\\"",
					"JucePlugin_VSTNumMidiInputs=16",
					"JucePlugin_VSTNumMidiOutputs=16",
					"JUCE_STANDALONE_APPLICATION=JucePlugin_Build_Standalone",
					"JUCER_XCODE_MAC_F6D2F4CF=1",
					"JUCE_APP_VERSION=1.0.0",
					"JUCE_APP_VERSION_HEX=0x10000",
				);
				GCC_VERSION = com.apple.compilers.llvm.clang.1_0;
				GENERATE_PKGINFO_FILE = YES;
				HEADER_SEARCH_PATHS = (
					"$(HOME)/JUCE/modules/juce_audio_processors/format_types/VST3_SDK",
					"$(SRCROOT)/../../JuceLibraryCode",
					"$(HOME)/JUCE/modules",
					"$(HOME)/JUCE/modules/juce_audio_plugin_client",
					"$(inherited)",
				);
				INFOPLIST_FILE = "Info-AU.plist";
				INFOPLIST_PREPROCESS = NO;
				INSTALL_PATH = "$(HOME)/Library/Audio/Plug-Ins/Components/";
				LIBRARY_STYLE = Bundle;
				LLVM_LTO = YES;
				MACOSX_DEPLOYMENT_TARGET = 10.11;
				MTL_HEADER_SEARCH_PATHS = "$(HOME)/JUCE/modules/juce_audio_processors/format_types/VST3_SDK $(SRCROOT)/../../JuceLibraryCode $(HOME)/JUCE/modules $(HOME)/JUCE/modules/juce_audio_plugin_client";
				OTHER_LDFLAGS = (
					"-bundle",
					"-lDelay_Plugin",
				);
				OTHER_REZFLAGS = "-d ppc_$ppc -d i386_$i386 -d ppc64_$ppc64 -d x86_64_$x86_64 -I /System/Library/Frameworks/CoreServices.framework/Frameworks/CarbonCore.framework/Versions/A/Headers -I \"$(DEVELOPER_DIR)/Extras/CoreAudio/AudioUnits/AUPublic/AUBase\" -I \"$(DEVELOPER_DIR)/Platforms/MacOSX.platform/Developer/SDKs/MacOSX.sdk/System/Library/Frameworks/AudioUnit.framework/Headers\"";
				PRODUCT_BUNDLE_IDENTIFIER = com.yourcompany.Delay_Plugin;
				PRODUCT_NAME = Delay_Plugin;
				USE_HEADERMAP = NO;
				VALID_ARCHS = "i386 x86_64 arm64 arm64e";
				WRAPPER_EXTENSION = component;
			};
			name = Release;
		};
		BF55C24309A2307726AE9A05 /* Debug */ = {
			isa = XCBuildConfiguration;
			buildSettings = {
				CLANG_CXX_LANGUAGE_STANDARD = "c++14";
				CLANG_CXX_LIBRARY = "libc++";
				CLANG_LINK_OBJC_RUNTIME = NO;
				CODE_SIGN_IDENTITY = "";
				COMBINE_HIDPI_IMAGES = YES;
				CONFIGURATION_BUILD_DIR = "$(PROJECT_DIR)/build/$(CONFIGURATION)";
				COPY_PHASE_STRIP = NO;
				GCC_DYNAMIC_NO_PIC = NO;
				GCC_OPTIMIZATION_LEVEL = 0;
				GCC_PREPROCESSOR_DEFINITIONS = (
					"_DEBUG=1",
					"DEBUG=1",
					"JUCE_DISPLAY_SPLASH_SCREEN=1",
					"JUCE_USE_DARK_SPLASH_SCREEN=1",
					"JUCE_PROJUCER_VERSION=0x60008",
					"JUCE_MODULE_AVAILABLE_juce_audio_basics=1",
					"JUCE_MODULE_AVAILABLE_juce_audio_devices=1",
					"JUCE_MODULE_AVAILABLE_juce_audio_formats=1",
					"JUCE_MODULE_AVAILABLE_juce_audio_plugin_client=1",
					"JUCE_MODULE_AVAILABLE_juce_audio_processors=1",
					"JUCE_MODULE_AVAILABLE_juce_audio_utils=1",
					"JUCE_MODULE_AVAILABLE_juce_core=1",
					"JUCE_MODULE_AVAILABLE_juce_data_structures=1",
					"JUCE_MODULE_AVAILABLE_juce_dsp=1",
					"JUCE_MODULE_AVAILABLE_juce_events=1",
					"JUCE_MODULE_AVAILABLE_juce_graphics=1",
					"JUCE_MODULE_AVAILABLE_juce_gui_basics=1",
					"JUCE_MODULE_AVAILABLE_juce_gui_extra=1",
					"JUCE_GLOBAL_MODULE_SETTINGS_INCLUDED=1",
					"JUCE_VST3_CAN_REPLACE_VST2=0",
					"JUCE_STRICT_REFCOUNTEDPOINTER=1",
					"JucePlugin_Build_VST=0",
					"JucePlugin_Build_VST3=1",
					"JucePlugin_Build_AU=1",
					"JucePlugin_Build_AUv3=0",
					"JucePlugin_Build_RTAS=0",
					"JucePlugin_Build_AAX=0",
					"JucePlugin_Build_Standalone=1",
					"JucePlugin_Build_Unity=0",
					"JucePlugin_Enable_IAA=0",
					"JucePlugin_Name=\\\"Delay_Plugin\\\"",
					"JucePlugin_Desc=\\\"Delay_Plugin\\\"",
					"JucePlugin_Manufacturer=\\\"yourcompany\\\"",
					"JucePlugin_ManufacturerWebsite=\\\"\\\"",
					"JucePlugin_ManufacturerEmail=\\\"\\\"",
					"JucePlugin_ManufacturerCode=0x4d616e75",
					"JucePlugin_PluginCode=0x4a6d6d61",
					"JucePlugin_IsSynth=0",
					"JucePlugin_WantsMidiInput=0",
					"JucePlugin_ProducesMidiOutput=0",
					"JucePlugin_IsMidiEffect=0",
					"JucePlugin_EditorRequiresKeyboardFocus=0",
					"JucePlugin_Version=1.0.0",
					"JucePlugin_VersionCode=0x10000",
					"JucePlugin_VersionString=\\\"1.0.0\\\"",
					"JucePlugin_VSTUniqueID=JucePlugin_PluginCode",
					"JucePlugin_VSTCategory=kPlugCategEffect",
					"JucePlugin_Vst3Category=\\\"Fx\\\"",
					"JucePlugin_AUMainType='aufx'",
					"JucePlugin_AUSubType=JucePlugin_PluginCode",
					"JucePlugin_AUExportPrefix=Delay_PluginAU",
					"JucePlugin_AUExportPrefixQuoted=\\\"Delay_PluginAU\\\"",
					"JucePlugin_AUManufacturerCode=JucePlugin_ManufacturerCode",
					"JucePlugin_CFBundleIdentifier=com.yourcompany.Delay_Plugin",
					"JucePlugin_RTASCategory=0",
					"JucePlugin_RTASManufacturerCode=JucePlugin_ManufacturerCode",
					"JucePlugin_RTASProductId=JucePlugin_PluginCode",
					"JucePlugin_RTASDisableBypass=0",
					"JucePlugin_RTASDisableMultiMono=0",
					"JucePlugin_AAXIdentifier=com.yourcompany.Delay_Plugin",
					"JucePlugin_AAXManufacturerCode=JucePlugin_ManufacturerCode",
					"JucePlugin_AAXProductId=JucePlugin_PluginCode",
					"JucePlugin_AAXCategory=0",
					"JucePlugin_AAXDisableBypass=0",
					"JucePlugin_AAXDisableMultiMono=0",
					"JucePlugin_IAAType=0x61757278",
					"JucePlugin_IAASubType=JucePlugin_PluginCode",
					"JucePlugin_IAAName=\\\"yourcompany:\\ Delay_Plugin\\\"",
					"JucePlugin_VSTNumMidiInputs=16",
					"JucePlugin_VSTNumMidiOutputs=16",
					"JUCE_STANDALONE_APPLICATION=JucePlugin_Build_Standalone",
					"JUCER_XCODE_MAC_F6D2F4CF=1",
					"JUCE_APP_VERSION=1.0.0",
					"JUCE_APP_VERSION_HEX=0x10000",
					"JUCE_SHARED_CODE=1",
				);
				GCC_VERSION = com.apple.compilers.llvm.clang.1_0;
				HEADER_SEARCH_PATHS = (
					"$(HOME)/JUCE/modules/juce_audio_processors/format_types/VST3_SDK",
					"$(SRCROOT)/../../JuceLibraryCode",
					"$(HOME)/JUCE/modules",
					"$(HOME)/JUCE/modules/juce_audio_plugin_client",
					"$(inherited)",
				);
				INSTALL_PATH = "@executable_path/../Frameworks";
				MACOSX_DEPLOYMENT_TARGET = 10.11;
				MTL_HEADER_SEARCH_PATHS = "$(HOME)/JUCE/modules/juce_audio_processors/format_types/VST3_SDK $(SRCROOT)/../../JuceLibraryCode $(HOME)/JUCE/modules $(HOME)/JUCE/modules/juce_audio_plugin_client";
				PRODUCT_BUNDLE_IDENTIFIER = com.yourcompany.Delay_Plugin;
				PRODUCT_NAME = Delay_Plugin;
				SKIP_INSTALL = YES;
				USE_HEADERMAP = NO;
				VALID_ARCHS = "i386 x86_64 arm64 arm64e";
			};
			name = Debug;
		};
		C0EAE65A4AB9410BF21F5C96 /* Debug */ = {
			isa = XCBuildConfiguration;
			buildSettings = {
				ALWAYS_SEARCH_USER_PATHS = NO;
				CLANG_ENABLE_OBJC_WEAK = YES;
				CLANG_WARN_BLOCK_CAPTURE_AUTORELEASING = YES;
				CLANG_WARN_BOOL_CONVERSION = YES;
				CLANG_WARN_COMMA = YES;
				CLANG_WARN_CONSTANT_CONVERSION = YES;
				CLANG_WARN_DEPRECATED_OBJC_IMPLEMENTATIONS = YES;
				CLANG_WARN_EMPTY_BODY = YES;
				CLANG_WARN_ENUM_CONVERSION = YES;
				CLANG_WARN_INFINITE_RECURSION = YES;
				CLANG_WARN_INT_CONVERSION = YES;
				CLANG_WARN_NON_LITERAL_NULL_CONVERSION = YES;
				CLANG_WARN_OBJC_IMPLICIT_RETAIN_SELF = YES;
				CLANG_WARN_OBJC_LITERAL_CONVERSION = YES;
				CLANG_WARN_RANGE_LOOP_ANALYSIS = YES;
				CLANG_WARN_STRICT_PROTOTYPES = YES;
				CLANG_WARN_SUSPICIOUS_MOVE = YES;
				CLANG_WARN_UNREACHABLE_CODE = YES;
				CLANG_WARN__DUPLICATE_METHOD_MATCH = YES;
				CODE_SIGN_IDENTITY = "";
				DEBUG_INFORMATION_FORMAT = dwarf;
				ENABLE_STRICT_OBJC_MSGSEND = YES;
				ENABLE_TESTABILITY = NO;
				GCC_C_LANGUAGE_STANDARD = c11;
				GCC_INLINES_ARE_PRIVATE_EXTERN = YES;
				GCC_MODEL_TUNING = G5;
				GCC_NO_COMMON_BLOCKS = YES;
				GCC_SYMBOLS_PRIVATE_EXTERN = YES;
				GCC_WARN_64_TO_32_BIT_CONVERSION = YES;
				GCC_WARN_ABOUT_RETURN_TYPE = YES;
				GCC_WARN_CHECK_SWITCH_STATEMENTS = YES;
				GCC_WARN_MISSING_PARENTHESES = YES;
				GCC_WARN_NON_VIRTUAL_DESTRUCTOR = YES;
				GCC_WARN_TYPECHECK_CALLS_TO_PRINTF = YES;
				GCC_WARN_UNDECLARED_SELECTOR = YES;
				GCC_WARN_UNINITIALIZED_AUTOS = YES;
				GCC_WARN_UNUSED_FUNCTION = YES;
				GCC_WARN_UNUSED_VARIABLE = YES;
				ONLY_ACTIVE_ARCH = YES;
				PRODUCT_NAME = Delay_Plugin;
				SDKROOT = macosx;
				WARNING_CFLAGS = "-Wreorder";
				ZERO_LINK = NO;
			};
			name = Debug;
		};
		D8485AA56E406C6C8A50E808 /* Debug */ = {
			isa = XCBuildConfiguration;
			buildSettings = {
				CLANG_CXX_LANGUAGE_STANDARD = "c++14";
				CLANG_CXX_LIBRARY = "libc++";
				CLANG_LINK_OBJC_RUNTIME = NO;
				CODE_SIGN_IDENTITY = "";
				COMBINE_HIDPI_IMAGES = YES;
				CONFIGURATION_BUILD_DIR = "$(PROJECT_DIR)/build/$(CONFIGURATION)";
				COPY_PHASE_STRIP = NO;
				GCC_DYNAMIC_NO_PIC = NO;
				GCC_OPTIMIZATION_LEVEL = 0;
				GCC_PREPROCESSOR_DEFINITIONS = (
					"_DEBUG=1",
					"DEBUG=1",
					"JUCE_DISPLAY_SPLASH_SCREEN=1",
					"JUCE_USE_DARK_SPLASH_SCREEN=1",
					"JUCE_PROJUCER_VERSION=0x60008",
					"JUCE_MODULE_AVAILABLE_juce_audio_basics=1",
					"JUCE_MODULE_AVAILABLE_juce_audio_devices=1",
					"JUCE_MODULE_AVAILABLE_juce_audio_formats=1",
					"JUCE_MODULE_AVAILABLE_juce_audio_plugin_client=1",
					"JUCE_MODULE_AVAILABLE_juce_audio_processors=1",
					"JUCE_MODULE_AVAILABLE_juce_audio_utils=1",
					"JUCE_MODULE_AVAILABLE_juce_core=1",
					"JUCE_MODULE_AVAILABLE_juce_data_structures=1",
					"JUCE_MODULE_AVAILABLE_juce_dsp=1",
					"JUCE_MODULE_AVAILABLE_juce_events=1",
					"JUCE_MODULE_AVAILABLE_juce_graphics=1",
					"JUCE_MODULE_AVAILABLE_juce_gui_basics=1",
					"JUCE_MODULE_AVAILABLE_juce_gui_extra=1",
					"JUCE_GLOBAL_MODULE_SETTINGS_INCLUDED=1",
					"JUCE_VST3_CAN_REPLACE_VST2=0",
					"JUCE_STRICT_REFCOUNTEDPOINTER=1",
					"JucePlugin_Build_VST=0",
					"JucePlugin_Build_VST3=0",
					"JucePlugin_Build_AU=0",
					"JucePlugin_Build_AUv3=0",
					"JucePlugin_Build_RTAS=0",
					"JucePlugin_Build_AAX=0",
					"JucePlugin_Build_Standalone=1",
					"JucePlugin_Build_Unity=0",
					"JucePlugin_Enable_IAA=0",
					"JucePlugin_Name=\\\"Delay_Plugin\\\"",
					"JucePlugin_Desc=\\\"Delay_Plugin\\\"",
					"JucePlugin_Manufacturer=\\\"yourcompany\\\"",
					"JucePlugin_ManufacturerWebsite=\\\"\\\"",
					"JucePlugin_ManufacturerEmail=\\\"\\\"",
					"JucePlugin_ManufacturerCode=0x4d616e75",
					"JucePlugin_PluginCode=0x4a6d6d61",
					"JucePlugin_IsSynth=0",
					"JucePlugin_WantsMidiInput=0",
					"JucePlugin_ProducesMidiOutput=0",
					"JucePlugin_IsMidiEffect=0",
					"JucePlugin_EditorRequiresKeyboardFocus=0",
					"JucePlugin_Version=1.0.0",
					"JucePlugin_VersionCode=0x10000",
					"JucePlugin_VersionString=\\\"1.0.0\\\"",
					"JucePlugin_VSTUniqueID=JucePlugin_PluginCode",
					"JucePlugin_VSTCategory=kPlugCategEffect",
					"JucePlugin_Vst3Category=\\\"Fx\\\"",
					"JucePlugin_AUMainType='aufx'",
					"JucePlugin_AUSubType=JucePlugin_PluginCode",
					"JucePlugin_AUExportPrefix=Delay_PluginAU",
					"JucePlugin_AUExportPrefixQuoted=\\\"Delay_PluginAU\\\"",
					"JucePlugin_AUManufacturerCode=JucePlugin_ManufacturerCode",
					"JucePlugin_CFBundleIdentifier=com.yourcompany.Delay_Plugin",
					"JucePlugin_RTASCategory=0",
					"JucePlugin_RTASManufacturerCode=JucePlugin_ManufacturerCode",
					"JucePlugin_RTASProductId=JucePlugin_PluginCode",
					"JucePlugin_RTASDisableBypass=0",
					"JucePlugin_RTASDisableMultiMono=0",
					"JucePlugin_AAXIdentifier=com.yourcompany.Delay_Plugin",
					"JucePlugin_AAXManufacturerCode=JucePlugin_ManufacturerCode",
					"JucePlugin_AAXProductId=JucePlugin_PluginCode",
					"JucePlugin_AAXCategory=0",
					"JucePlugin_AAXDisableBypass=0",
					"JucePlugin_AAXDisableMultiMono=0",
					"JucePlugin_IAAType=0x61757278",
					"JucePlugin_IAASubType=JucePlugin_PluginCode",
					"JucePlugin_IAAName=\\\"yourcompany:\\ Delay_Plugin\\\"",
					"JucePlugin_VSTNumMidiInputs=16",
					"JucePlugin_VSTNumMidiOutputs=16",
					"JUCE_STANDALONE_APPLICATION=JucePlugin_Build_Standalone",
					"JUCER_XCODE_MAC_F6D2F4CF=1",
					"JUCE_APP_VERSION=1.0.0",
					"JUCE_APP_VERSION_HEX=0x10000",
				);
				GCC_VERSION = com.apple.compilers.llvm.clang.1_0;
				HEADER_SEARCH_PATHS = (
					"$(HOME)/JUCE/modules/juce_audio_processors/format_types/VST3_SDK",
					"$(SRCROOT)/../../JuceLibraryCode",
					"$(HOME)/JUCE/modules",
					"$(HOME)/JUCE/modules/juce_audio_plugin_client",
					"$(inherited)",
				);
				INFOPLIST_FILE = "Info-Standalone_Plugin.plist";
				INFOPLIST_PREPROCESS = NO;
				MACOSX_DEPLOYMENT_TARGET = 10.11;
				MTL_HEADER_SEARCH_PATHS = "$(HOME)/JUCE/modules/juce_audio_processors/format_types/VST3_SDK $(SRCROOT)/../../JuceLibraryCode $(HOME)/JUCE/modules $(HOME)/JUCE/modules/juce_audio_plugin_client";
				OTHER_LDFLAGS = "-lDelay_Plugin";
				PRODUCT_BUNDLE_IDENTIFIER = com.yourcompany.Delay_Plugin;
				PRODUCT_NAME = Delay_Plugin;
				USE_HEADERMAP = NO;
				VALID_ARCHS = "i386 x86_64 arm64 arm64e";
			};
			name = Debug;
		};
		E1B1D2BB58B4C9757DEFDF9B /* Release */ = {
			isa = XCBuildConfiguration;
			buildSettings = {
				CLANG_CXX_LANGUAGE_STANDARD = "c++14";
				CLANG_CXX_LIBRARY = "libc++";
				CLANG_LINK_OBJC_RUNTIME = NO;
				CODE_SIGN_IDENTITY = "";
				COMBINE_HIDPI_IMAGES = YES;
				CONFIGURATION_BUILD_DIR = "$(PROJECT_DIR)/build/$(CONFIGURATION)";
				DEAD_CODE_STRIPPING = YES;
				DEPLOYMENT_LOCATION = YES;
				DSTROOT = /;
				GCC_GENERATE_DEBUGGING_SYMBOLS = NO;
				GCC_OPTIMIZATION_LEVEL = 3;
				GCC_PREPROCESSOR_DEFINITIONS = (
					"_NDEBUG=1",
					"NDEBUG=1",
					"JUCE_DISPLAY_SPLASH_SCREEN=1",
					"JUCE_USE_DARK_SPLASH_SCREEN=1",
					"JUCE_PROJUCER_VERSION=0x60008",
					"JUCE_MODULE_AVAILABLE_juce_audio_basics=1",
					"JUCE_MODULE_AVAILABLE_juce_audio_devices=1",
					"JUCE_MODULE_AVAILABLE_juce_audio_formats=1",
					"JUCE_MODULE_AVAILABLE_juce_audio_plugin_client=1",
					"JUCE_MODULE_AVAILABLE_juce_audio_processors=1",
					"JUCE_MODULE_AVAILABLE_juce_audio_utils=1",
					"JUCE_MODULE_AVAILABLE_juce_core=1",
					"JUCE_MODULE_AVAILABLE_juce_data_structures=1",
					"JUCE_MODULE_AVAILABLE_juce_dsp=1",
					"JUCE_MODULE_AVAILABLE_juce_events=1",
					"JUCE_MODULE_AVAILABLE_juce_graphics=1",
					"JUCE_MODULE_AVAILABLE_juce_gui_basics=1",
					"JUCE_MODULE_AVAILABLE_juce_gui_extra=1",
					"JUCE_GLOBAL_MODULE_SETTINGS_INCLUDED=1",
					"JUCE_VST3_CAN_REPLACE_VST2=0",
					"JUCE_STRICT_REFCOUNTEDPOINTER=1",
					"JucePlugin_Build_VST=0",
					"JucePlugin_Build_VST3=1",
					"JucePlugin_Build_AU=0",
					"JucePlugin_Build_AUv3=0",
					"JucePlugin_Build_RTAS=0",
					"JucePlugin_Build_AAX=0",
					"JucePlugin_Build_Standalone=0",
					"JucePlugin_Build_Unity=0",
					"JucePlugin_Enable_IAA=0",
					"JucePlugin_Name=\\\"Delay_Plugin\\\"",
					"JucePlugin_Desc=\\\"Delay_Plugin\\\"",
					"JucePlugin_Manufacturer=\\\"yourcompany\\\"",
					"JucePlugin_ManufacturerWebsite=\\\"\\\"",
					"JucePlugin_ManufacturerEmail=\\\"\\\"",
					"JucePlugin_ManufacturerCode=0x4d616e75",
					"JucePlugin_PluginCode=0x4a6d6d61",
					"JucePlugin_IsSynth=0",
					"JucePlugin_WantsMidiInput=0",
					"JucePlugin_ProducesMidiOutput=0",
					"JucePlugin_IsMidiEffect=0",
					"JucePlugin_EditorRequiresKeyboardFocus=0",
					"JucePlugin_Version=1.0.0",
					"JucePlugin_VersionCode=0x10000",
					"JucePlugin_VersionString=\\\"1.0.0\\\"",
					"JucePlugin_VSTUniqueID=JucePlugin_PluginCode",
					"JucePlugin_VSTCategory=kPlugCategEffect",
					"JucePlugin_Vst3Category=\\\"Fx\\\"",
					"JucePlugin_AUMainType='aufx'",
					"JucePlugin_AUSubType=JucePlugin_PluginCode",
					"JucePlugin_AUExportPrefix=Delay_PluginAU",
					"JucePlugin_AUExportPrefixQuoted=\\\"Delay_PluginAU\\\"",
					"JucePlugin_AUManufacturerCode=JucePlugin_ManufacturerCode",
					"JucePlugin_CFBundleIdentifier=com.yourcompany.Delay_Plugin",
					"JucePlugin_RTASCategory=0",
					"JucePlugin_RTASManufacturerCode=JucePlugin_ManufacturerCode",
					"JucePlugin_RTASProductId=JucePlugin_PluginCode",
					"JucePlugin_RTASDisableBypass=0",
					"JucePlugin_RTASDisableMultiMono=0",
					"JucePlugin_AAXIdentifier=com.yourcompany.Delay_Plugin",
					"JucePlugin_AAXManufacturerCode=JucePlugin_ManufacturerCode",
					"JucePlugin_AAXProductId=JucePlugin_PluginCode",
					"JucePlugin_AAXCategory=0",
					"JucePlugin_AAXDisableBypass=0",
					"JucePlugin_AAXDisableMultiMono=0",
					"JucePlugin_IAAType=0x61757278",
					"JucePlugin_IAASubType=JucePlugin_PluginCode",
					"JucePlugin_IAAName=\\\"yourcompany:\\ Delay_Plugin\\\"",
					"JucePlugin_VSTNumMidiInputs=16",
					"JucePlugin_VSTNumMidiOutputs=16",
					"JUCE_STANDALONE_APPLICATION=JucePlugin_Build_Standalone",
					"JUCER_XCODE_MAC_F6D2F4CF=1",
					"JUCE_APP_VERSION=1.0.0",
					"JUCE_APP_VERSION_HEX=0x10000",
				);
				GCC_VERSION = com.apple.compilers.llvm.clang.1_0;
				GENERATE_PKGINFO_FILE = YES;
				HEADER_SEARCH_PATHS = (
					"$(HOME)/JUCE/modules/juce_audio_processors/format_types/VST3_SDK",
					"$(SRCROOT)/../../JuceLibraryCode",
					"$(HOME)/JUCE/modules",
					"$(HOME)/JUCE/modules/juce_audio_plugin_client",
					"$(inherited)",
				);
				INFOPLIST_FILE = "Info-VST3.plist";
				INFOPLIST_PREPROCESS = NO;
				INSTALL_PATH = "$(HOME)/Library/Audio/Plug-Ins/VST3/";
				LIBRARY_STYLE = Bundle;
				LLVM_LTO = YES;
				MACOSX_DEPLOYMENT_TARGET = 10.11;
				MTL_HEADER_SEARCH_PATHS = "$(HOME)/JUCE/modules/juce_audio_processors/format_types/VST3_SDK $(SRCROOT)/../../JuceLibraryCode $(HOME)/JUCE/modules $(HOME)/JUCE/modules/juce_audio_plugin_client";
				OTHER_LDFLAGS = (
					"-bundle",
					"-lDelay_Plugin",
				);
				PRODUCT_BUNDLE_IDENTIFIER = com.yourcompany.Delay_Plugin;
				PRODUCT_NAME = Delay_Plugin;
				USE_HEADERMAP = NO;
				VALID_ARCHS = "i386 x86_64 arm64 arm64e";
				WRAPPER_EXTENSION = vst3;
			};
			name = Release;
		};
/* End XCBuildConfiguration section */

/* Begin XCConfigurationList section */
		5075984C5EE2A8F8D8EE1E5B /* Build configuration list for PBXAggregateTarget "Delay_Plugin - All" */ = {
			isa = XCConfigurationList;
			buildConfigurations = (
				394E614CFC3F96584DF71665 /* Debug */,
				38D0C5E51114377CAF2C525F /* Release */,
			);
			defaultConfigurationIsVisible = 0;
			defaultConfigurationName = Debug;
		};
		5A0B6250BF6AB0D26F6B9119 /* Build configuration list for PBXProject "Delay_Plugin" */ = {
			isa = XCConfigurationList;
			buildConfigurations = (
				8EACAFF8A11B505018811209 /* Release */,
				C0EAE65A4AB9410BF21F5C96 /* Debug */,
			);
			defaultConfigurationIsVisible = 0;
			defaultConfigurationName = Debug;
		};
		931D98FB67C4A71FDB46A7D7 /* Build configuration list for PBXNativeTarget "Delay_Plugin - VST3" */ = {
			isa = XCConfigurationList;
			buildConfigurations = (
				1B1F1496CCF5F81011C786AE /* Debug */,
				E1B1D2BB58B4C9757DEFDF9B /* Release */,
			);
			defaultConfigurationIsVisible = 0;
			defaultConfigurationName = Debug;
		};
		E2FD793DDBF98EF082CE096F /* Build configuration list for PBXNativeTarget "Delay_Plugin - Shared Code" */ = {
			isa = XCConfigurationList;
			buildConfigurations = (
				BF55C24309A2307726AE9A05 /* Debug */,
				228008BA58BB14608DC564F9 /* Release */,
			);
			defaultConfigurationIsVisible = 0;
			defaultConfigurationName = Debug;
		};
		EE16DF0C430FF5E54D2B61CB /* Build configuration list for PBXNativeTarget "Delay_Plugin - Standalone Plugin" */ = {
			isa = XCConfigurationList;
			buildConfigurations = (
				D8485AA56E406C6C8A50E808 /* Debug */,
				13499143B6B32E2318DE48FE /* Release */,
			);
			defaultConfigurationIsVisible = 0;
			defaultConfigurationName = Debug;
		};
		FAEEA392D0F01E9D9BE5C14B /* Build configuration list for PBXNativeTarget "Delay_Plugin - AU" */ = {
			isa = XCConfigurationList;
			buildConfigurations = (
				26FDA293FE3E9E7B29EB9270 /* Debug */,
				8FFA76CA6CD2D8E9DD5F7667 /* Release */,
			);
			defaultConfigurationIsVisible = 0;
			defaultConfigurationName = Debug;
		};
/* End XCConfigurationList section */
	};
	rootObject = 422E67C4F1FDC77BDC2729BC /* Project object */;
}
